<?xml version="1.0" encoding="utf-8"?>
<Project ToolsVersion="4.0" xmlns="http://schemas.microsoft.com/developer/msbuild/2003">
  <ItemGroup>
    <Filter Include="include">
      <UniqueIdentifier>{89AF369E-F58E-B539-FEA6-40106A051C9B}</UniqueIdentifier>
    </Filter>
    <Filter Include="include\G2Core">
      <UniqueIdentifier>{5A957500-4663-6906-2FF7-D92C1B64456B}</UniqueIdentifier>
    </Filter>
    <Filter Include="ShaderViews">
      <UniqueIdentifier>{a775ec06-1127-4ff6-9b92-e0e308d6cb7a}</UniqueIdentifier>
    </Filter>
  </ItemGroup>
  <ItemGroup>
    <ClInclude Include="BaseComponent.h" />
    <ClInclude Include="BaseSystem.h" />
    <ClInclude Include="Defines.h" />
    <ClInclude Include="ECSManager.h" />
    <ClInclude Include="Entity.h" />
    <ClInclude Include="Event.h" />
    <ClInclude Include="EventDistributer.h" />
    <ClInclude Include="FrameInfo.h" />
    <ClInclude Include="G2Core.h" />
    <ClInclude Include="GfxDevice.h" />
    <ClInclude Include="KeyCodes.h" />
    <ClInclude Include="MouseButton.h" />
    <ClInclude Include="NonCopyable.h" />
    <ClInclude Include="TextureMetaData.h" />
    <ClInclude Include="VertexInputLayout.h" />
    <ClInclude Include="ShaderViews.h">
      <Filter>ShaderViews</Filter>
    </ClInclude>
  </ItemGroup>
  <ItemGroup>
    <ClCompile Include="Defines.cpp" />
    <ClCompile Include="ECSManager.cpp" />
    <ClCompile Include="Entity.cpp" />
    <ClCompile Include="EventDistributer.cpp" />
    <ClCompile Include="G2Core.cpp" />
    <ClCompile Include="GfxDevice.cpp" />
  </ItemGroup>
</Project>