<?xml version="1.0" encoding="utf-8"?>
<Project ToolsVersion="4.0" xmlns="http://schemas.microsoft.com/developer/msbuild/2003">
  <ItemGroup>
    <ClInclude Include="Defines.h" />
    <ClInclude Include="NonCopyable.h" />
    <ClInclude Include="FrameInfo.h" />
    <ClInclude Include="KeyCodes.h" />
    <ClInclude Include="MouseButton.h" />
    <ClInclude Include="ECSManager.h">
      <Filter>ECS</Filter>
    </ClInclude>
    <ClInclude Include="BaseSystem.h">
      <Filter>ECS\Base</Filter>
    </ClInclude>
    <ClInclude Include="BaseComponent.h">
      <Filter>ECS\Base</Filter>
    </ClInclude>
    <ClInclude Include="Entity.h">
      <Filter>ECS\Base</Filter>
    </ClInclude>
    <ClInclude Include="Event.h">
      <Filter>Event</Filter>
    </ClInclude>
    <ClInclude Include="EventDistributer.h">
      <Filter>Event</Filter>
    </ClInclude>
    <ClInclude Include="GfxDevice.h">
      <Filter>GfxDevice</Filter>
    </ClInclude>
    <ClInclude Include="G2Core.h" />
  </ItemGroup>
  <ItemGroup>
    <ClCompile Include="ECSManager.cpp">
      <Filter>ECS</Filter>
    </ClCompile>
    <ClCompile Include="Entity.cpp">
      <Filter>ECS\Base</Filter>
    </ClCompile>
    <ClCompile Include="EventDistributer.cpp">
      <Filter>Event</Filter>
    </ClCompile>
    <ClCompile Include="G2Core.cpp" />
    <ClCompile Include="GfxDevice.cpp">
      <Filter>GfxDevice</Filter>
    </ClCompile>
  </ItemGroup>
  <ItemGroup>
    <Filter Include="ECS">
      <UniqueIdentifier>{2c457bce-3e08-4c71-92d6-cf5fea9f71c1}</UniqueIdentifier>
    </Filter>
    <Filter Include="ECS\Base">
      <UniqueIdentifier>{c5d461d6-e676-4b52-a7f7-f2d4a2a57855}</UniqueIdentifier>
    </Filter>
    <Filter Include="Event">
      <UniqueIdentifier>{645b48d5-05b2-4e5b-8f33-25ed99249e1c}</UniqueIdentifier>
    </Filter>
    <Filter Include="GfxDevice">
      <UniqueIdentifier>{d7ab0d8a-7b5e-45ea-b763-ad4dc4e9e435}</UniqueIdentifier>
    </Filter>
  </ItemGroup>
</Project>