<?xml version="1.0" encoding="utf-8"?>
<Project ToolsVersion="4.0" xmlns="http://schemas.microsoft.com/developer/msbuild/2003">
  <ItemGroup>
    <Filter Include="include">
      <UniqueIdentifier>{89AF369E-F58E-B539-FEA6-40106A051C9B}</UniqueIdentifier>
    </Filter>
    <Filter Include="include\G2Core">
      <UniqueIdentifier>{5A957500-4663-6906-2FF7-D92C1B64456B}</UniqueIdentifier>
    </Filter>
  </ItemGroup>
  <ItemGroup>
    <ClInclude Include="BaseComponent.h" />
    <ClInclude Include="BaseSystem.h" />
    <ClInclude Include="Defines.h" />
    <ClInclude Include="ECSManager.h" />
    <ClInclude Include="Entity.h" />
    <ClInclude Include="Event.h" />
    <ClInclude Include="EventDistributer.h" />
    <ClInclude Include="FrameInfo.h" />
    <ClInclude Include="G2Core.h" />
    <ClInclude Include="GfxDevice.h" />
    <ClInclude Include="KeyCodes.h" />
    <ClInclude Include="MouseButton.h" />
    <ClInclude Include="NonCopyable.h" />
    <ClInclude Include="TextureMetaData.h" />
    <ClInclude Include="VertexInputLayout.h" />
    <ClInclude Include="include\G2Core\BaseComponent.h">
      <Filter>include\G2Core</Filter>
    </ClInclude>
    <ClInclude Include="include\G2Core\BaseSystem.h">
      <Filter>include\G2Core</Filter>
    </ClInclude>
    <ClInclude Include="include\G2Core\Defines.h">
      <Filter>include\G2Core</Filter>
    </ClInclude>
    <ClInclude Include="include\G2Core\ECSManager.h">
      <Filter>include\G2Core</Filter>
    </ClInclude>
    <ClInclude Include="include\G2Core\Entity.h">
      <Filter>include\G2Core</Filter>
    </ClInclude>
    <ClInclude Include="include\G2Core\Event.h">
      <Filter>include\G2Core</Filter>
    </ClInclude>
    <ClInclude Include="include\G2Core\EventDistributer.h">
      <Filter>include\G2Core</Filter>
    </ClInclude>
    <ClInclude Include="include\G2Core\FrameInfo.h">
      <Filter>include\G2Core</Filter>
    </ClInclude>
    <ClInclude Include="include\G2Core\G2Core.h">
      <Filter>include\G2Core</Filter>
    </ClInclude>
    <ClInclude Include="include\G2Core\GfxDevice.h">
      <Filter>include\G2Core</Filter>
    </ClInclude>
    <ClInclude Include="include\G2Core\KeyCodes.h">
      <Filter>include\G2Core</Filter>
    </ClInclude>
    <ClInclude Include="include\G2Core\MouseButton.h">
      <Filter>include\G2Core</Filter>
    </ClInclude>
    <ClInclude Include="include\G2Core\NonCopyable.h">
      <Filter>include\G2Core</Filter>
    </ClInclude>
    <ClInclude Include="include\G2Core\TextureMetaData.h">
      <Filter>include\G2Core</Filter>
    </ClInclude>
    <ClInclude Include="include\G2Core\VertexInputLayout.h">
      <Filter>include\G2Core</Filter>
    </ClInclude>
  </ItemGroup>
  <ItemGroup>
    <ClCompile Include="Defines.cpp" />
    <ClCompile Include="ECSManager.cpp" />
    <ClCompile Include="Entity.cpp" />
    <ClCompile Include="EventDistributer.cpp" />
    <ClCompile Include="G2Core.cpp" />
    <ClCompile Include="GfxDevice.cpp" />
  </ItemGroup>
</Project>