<?xml version="1.0" encoding="utf-8"?>
<Project ToolsVersion="4.0" xmlns="http://schemas.microsoft.com/developer/msbuild/2003">
  <ItemGroup>
    <ClInclude Include="Defines.h" />
    <ClInclude Include="GEAR.h" />
    <ClInclude Include="MacroResource.h">
      <Filter>Importer\Effect\UberShader</Filter>
    </ClInclude>
    <ClInclude Include="ShaderMetaData.h">
      <Filter>Importer\Effect\UberShader</Filter>
    </ClInclude>
    <ClInclude Include="AbstractWindow.h">
      <Filter>Window</Filter>
    </ClInclude>
    <ClInclude Include="Logger.h">
      <Filter>Logging</Filter>
    </ClInclude>
    <ClInclude Include="clock_linux.h">
      <Filter>Timer</Filter>
    </ClInclude>
    <ClInclude Include="clock_win.h">
      <Filter>Timer</Filter>
    </ClInclude>
    <ClInclude Include="TimeTracker.h">
      <Filter>Timer</Filter>
    </ClInclude>
    <ClInclude Include="timevalue_linux.h">
      <Filter>Timer</Filter>
    </ClInclude>
    <ClInclude Include="timevalue_win.h">
      <Filter>Timer</Filter>
    </ClInclude>
    <ClInclude Include="InputEventListener.h">
      <Filter>Input</Filter>
    </ClInclude>
    <ClInclude Include="VertexArrayObject.h">
      <Filter>Buffer\VAO</Filter>
    </ClInclude>
    <ClInclude Include="Texture.h">
      <Filter>Texture</Filter>
    </ClInclude>
    <ClInclude Include="Texture3D.h">
      <Filter>Texture\3D</Filter>
    </ClInclude>
    <ClInclude Include="Texture2D.h">
      <Filter>Texture\2D</Filter>
    </ClInclude>
    <ClInclude Include="IfElseMacro.h">
      <Filter>Importer\Effect\UberShader\ShaderParts</Filter>
    </ClInclude>
    <ClInclude Include="AbstractShaderPart.h">
      <Filter>Importer\Effect\UberShader\ShaderParts</Filter>
    </ClInclude>
    <ClInclude Include="LightDefaultInclude.h">
      <Filter>Importer\Effect\UberShader\ShaderParts</Filter>
    </ClInclude>
    <ClInclude Include="MaterialDefaultInclude.h">
      <Filter>Importer\Effect\UberShader\ShaderParts</Filter>
    </ClInclude>
    <ClInclude Include="MatricesDefaultInclude.h">
      <Filter>Importer\Effect\UberShader\ShaderParts</Filter>
    </ClInclude>
    <ClInclude Include="MacroCondition.h">
      <Filter>Importer\Effect\UberShader\Macro</Filter>
    </ClInclude>
    <ClInclude Include="SimpleShaderPart.h">
      <Filter>Importer\Effect\UberShader\ShaderParts</Filter>
    </ClInclude>
    <ClInclude Include="UberShaderParser.h">
      <Filter>Importer\Effect\UberShader\BlockParser</Filter>
    </ClInclude>
    <ClInclude Include="Property.h">
      <Filter>Importer\Effect\UberShader\Property</Filter>
    </ClInclude>
    <ClInclude Include="Shader.h">
      <Filter>Importer\Effect\UberShader\Shader</Filter>
    </ClInclude>
    <ClInclude Include="ShaderCache.h">
      <Filter>Importer\Effect\UberShader\Shader</Filter>
    </ClInclude>
    <ClInclude Include="LocationBinding.h">
      <Filter>Importer\Effect\UberShader\LocationBinding</Filter>
    </ClInclude>
    <ClInclude Include="Sampler.h">
      <Filter>Texture\Sampler</Filter>
    </ClInclude>
    <ClInclude Include="TextureCache.h">
      <Filter>Texture\Cache</Filter>
    </ClInclude>
    <ClInclude Include="Comparator.h">
      <Filter>Comparator</Filter>
    </ClInclude>
    <ClInclude Include="FileResource.h">
      <Filter>File</Filter>
    </ClInclude>
    <ClInclude Include="NonInstanceable.h">
      <Filter>HelperClasses\Constraints</Filter>
    </ClInclude>
    <ClInclude Include="StringTools.h">
      <Filter>Tools\String</Filter>
    </ClInclude>
    <ClInclude Include="VersionTracker.h">
      <Filter>Versioning</Filter>
    </ClInclude>
    <ClInclude Include="Intersection.h">
      <Filter>Intersection</Filter>
    </ClInclude>
    <ClInclude Include="Material.h">
      <Filter>Material</Filter>
    </ClInclude>
    <ClInclude Include="Ray.h">
      <Filter>Ray</Filter>
    </ClInclude>
    <ClInclude Include="UniformBlock.h">
      <Filter>Importer\Effect\UberShader\Shader</Filter>
    </ClInclude>
    <ClInclude Include="AABB.h">
      <Filter>AABB</Filter>
    </ClInclude>
    <ClInclude Include="RefCounter.h">
      <Filter>HelperClasses\ReferenceCounter</Filter>
    </ClInclude>
    <ClInclude Include="Importer.h">
      <Filter>Importer</Filter>
    </ClInclude>
    <ClInclude Include="ResourceBuilder.h">
      <Filter>Importer\ResourceBuilder</Filter>
    </ClInclude>
    <ClInclude Include="TextureImporter.h">
      <Filter>Importer\Texture</Filter>
    </ClInclude>
    <ClInclude Include="MD5Importer.h">
      <Filter>Importer\MD5</Filter>
    </ClInclude>
    <ClInclude Include="MD5Mesh.h">
      <Filter>Importer\MD5</Filter>
    </ClInclude>
    <ClInclude Include="TransformSystem.h">
      <Filter>ECS\Transformation</Filter>
    </ClInclude>
    <ClInclude Include="TransformComponent.h">
      <Filter>ECS\Transformation</Filter>
    </ClInclude>
    <ClInclude Include="RenderSystem.h">
      <Filter>ECS\Render</Filter>
    </ClInclude>
    <ClInclude Include="RenderComponent.h">
      <Filter>ECS\Render</Filter>
    </ClInclude>
    <ClInclude Include="NameSystem.h">
      <Filter>ECS\Name</Filter>
    </ClInclude>
    <ClInclude Include="NameComponent.h">
      <Filter>ECS\Name</Filter>
    </ClInclude>
    <ClInclude Include="CameraSystem.h">
      <Filter>ECS\Camera</Filter>
    </ClInclude>
    <ClInclude Include="CameraComponent.h">
      <Filter>ECS\Camera</Filter>
    </ClInclude>
    <ClInclude Include="MD5AnimationComponent.h">
      <Filter>ECS\MD5</Filter>
    </ClInclude>
    <ClInclude Include="MD5AnimationSystem.h">
      <Filter>ECS\MD5</Filter>
    </ClInclude>
    <ClInclude Include="FBXImporter.h">
      <Filter>Importer\FBX</Filter>
    </ClInclude>
    <ClInclude Include="FBXMesh.h">
      <Filter>Importer\FBX</Filter>
    </ClInclude>
    <ClInclude Include="FBXMaterialCache.h">
      <Filter>Importer\FBX\Helper Classes</Filter>
    </ClInclude>
    <ClInclude Include="FBXVBOMesh.h">
      <Filter>Importer\FBX\Helper Classes</Filter>
    </ClInclude>
    <ClInclude Include="FBXLightCache.h">
      <Filter>Importer\FBX\Helper Classes</Filter>
    </ClInclude>
    <ClInclude Include="FBXAnimationComponent.h">
      <Filter>ECS\FBX</Filter>
    </ClInclude>
    <ClInclude Include="FBXAnimationSystem.h">
      <Filter>ECS\FBX</Filter>
    </ClInclude>
    <ClInclude Include="FBXAnimationState.h">
      <Filter>ECS\FBX</Filter>
    </ClInclude>
    <ClInclude Include="FBXAnimationData.h">
      <Filter>ECS\FBX</Filter>
    </ClInclude>
    <ClInclude Include="MatrixMultiplicator.h" />
    <ClInclude Include="UberShaderBlockParser.h">
      <Filter>Importer\Effect\UberShader\BlockParser\UberShader</Filter>
    </ClInclude>
    <ClInclude Include="ShaderBlockParser.h">
      <Filter>Importer\Effect\UberShader\BlockParser\Shader</Filter>
    </ClInclude>
    <ClInclude Include="PropertiesBlockParser.h">
      <Filter>Importer\Effect\UberShader\BlockParser\Properties</Filter>
    </ClInclude>
    <ClInclude Include="PassesBlockParser.h">
      <Filter>Importer\Effect\UberShader\BlockParser\Passes</Filter>
    </ClInclude>
    <ClInclude Include="LocationBindingsBlockParser.h">
      <Filter>Importer\Effect\UberShader\BlockParser\LocationBinding</Filter>
    </ClInclude>
    <ClInclude Include="PassBlockParser.h">
      <Filter>Importer\Effect\UberShader\BlockParser\Pass</Filter>
    </ClInclude>
    <ClInclude Include="SettingsBlockParser.h">
      <Filter>Importer\Effect\UberShader\BlockParser\Settings</Filter>
    </ClInclude>
    <ClInclude Include="EffectImporter.h">
      <Filter>Importer\Effect</Filter>
    </ClInclude>
    <ClInclude Include="Effect.h">
      <Filter>Importer\Effect</Filter>
    </ClInclude>
    <ClInclude Include="LightComponent.h">
      <Filter>ECS\Light</Filter>
    </ClInclude>
    <ClInclude Include="LightSystem.h">
      <Filter>ECS\Light</Filter>
    </ClInclude>
    <ClInclude Include="Pass.h">
      <Filter>Importer\Effect\UberShader\Pass</Filter>
    </ClInclude>
    <ClInclude Include="Setting.h">
      <Filter>Importer\Effect\UberShader\BlockParser\Settings</Filter>
    </ClInclude>
    <ClInclude Include="RenderTarget.h">
      <Filter>RTT</Filter>
    </ClInclude>
    <ClInclude Include="FrameBuffer.h">
      <Filter>Buffer\FrameBuffer</Filter>
    </ClInclude>
    <ClInclude Include="TextureCube.h">
      <Filter>Texture\Cube</Filter>
    </ClInclude>
    <ClInclude Include="Frustum.h" />
    <ClInclude Include="ShadowDescriptor.h">
      <Filter>ECS\Light</Filter>
    </ClInclude>
    <ClInclude Include="TextureArray.h">
      <Filter>Texture\Array</Filter>
    </ClInclude>
    <ClInclude Include="LightEffectState.h">
      <Filter>ECS\Light</Filter>
    </ClInclude>
    <ClInclude Include="MultipleRenderTarget.h">
      <Filter>RTT</Filter>
    </ClInclude>
    <ClInclude Include="PostProcessDefaultInclude.h">
      <Filter>Importer\Effect\UberShader\ShaderParts</Filter>
    </ClInclude>
    <ClInclude Include="ZSorter.h">
      <Filter>ECS\Render</Filter>
    </ClInclude>
    <ClInclude Include="RenderStates.h">
      <Filter>RenderStates</Filter>
    </ClInclude>
    <ClInclude Include="VertexStream.h">
      <Filter>VertexStream</Filter>
    </ClInclude>
    <ClInclude Include="RenderStatesGroup.h">
      <Filter>RenderStates</Filter>
    </ClInclude>
    <ClInclude Include="TriangeTools.h">
      <Filter>Tools\Triangles</Filter>
    </ClInclude>
    <ClInclude Include="NormalMapGenerator.h">
      <Filter>ImageProcessing\NormalMaps\NormalMapGenerator</Filter>
    </ClInclude>
    <ClInclude Include="IndexArrayObject.h">
      <Filter>Buffer\IAO</Filter>
    </ClInclude>
    <ClInclude Include="DrawCall.h">
      <Filter>ECS\Render\DrawCall</Filter>
    </ClInclude>
    <ClInclude Include="SplineAnimationSystem.h">
      <Filter>ECS\SplineAnimation</Filter>
    </ClInclude>
    <ClInclude Include="SplineAnimation.h">
      <Filter>ECS\SplineAnimation</Filter>
    </ClInclude>
    <ClInclude Include="Curve.h">
      <Filter>Curves</Filter>
    </ClInclude>
    <ClInclude Include="CatmullRomCurve.h">
      <Filter>Curves\CatmullRomCurve</Filter>
    </ClInclude>
    <ClInclude Include="HermiteCurve.h">
      <Filter>Curves\HermiteCurve</Filter>
    </ClInclude>
    <ClInclude Include="BSplineCurve.h">
      <Filter>Curves\BSplineCurve</Filter>
    </ClInclude>
    <ClInclude Include="EffectBlockImporter.h">
      <Filter>Importer\Effect\EffectBlockImporter</Filter>
    </ClInclude>
    <ClInclude Include="RootImporter.h" />
  </ItemGroup>
  <ItemGroup>
    <ClCompile Include="MacroResource.cpp">
      <Filter>Importer\Effect\UberShader</Filter>
    </ClCompile>
    <ClCompile Include="ShaderMetaData.cpp">
      <Filter>Importer\Effect\UberShader</Filter>
    </ClCompile>
    <ClCompile Include="AbstractWindow.cpp">
      <Filter>Window</Filter>
    </ClCompile>
    <ClCompile Include="GEAR.cpp" />
    <ClCompile Include="Logger.cpp">
      <Filter>Logging</Filter>
    </ClCompile>
    <ClCompile Include="clock_linux.cpp">
      <Filter>Timer</Filter>
    </ClCompile>
    <ClCompile Include="clock_win.cpp">
      <Filter>Timer</Filter>
    </ClCompile>
    <ClCompile Include="TimeTracker.cpp">
      <Filter>Timer</Filter>
    </ClCompile>
    <ClCompile Include="timevalue_linux.cpp">
      <Filter>Timer</Filter>
    </ClCompile>
    <ClCompile Include="timevalue_win.cpp">
      <Filter>Timer</Filter>
    </ClCompile>
    <ClCompile Include="InputEventListener.cpp">
      <Filter>Input</Filter>
    </ClCompile>
    <ClCompile Include="VertexArrayObject.cpp">
      <Filter>Buffer\VAO</Filter>
    </ClCompile>
    <ClCompile Include="Texture.cpp">
      <Filter>Texture</Filter>
    </ClCompile>
    <ClCompile Include="Texture3D.cpp">
      <Filter>Texture\3D</Filter>
    </ClCompile>
    <ClCompile Include="Texture2D.cpp">
      <Filter>Texture\2D</Filter>
    </ClCompile>
    <ClCompile Include="IfElseMacro.cpp">
      <Filter>Importer\Effect\UberShader\ShaderParts</Filter>
    </ClCompile>
    <ClCompile Include="AbstractShaderPart.cpp">
      <Filter>Importer\Effect\UberShader\ShaderParts</Filter>
    </ClCompile>
    <ClCompile Include="LightDefaultInclude.cpp">
      <Filter>Importer\Effect\UberShader\ShaderParts</Filter>
    </ClCompile>
    <ClCompile Include="MaterialDefaultInclude.cpp">
      <Filter>Importer\Effect\UberShader\ShaderParts</Filter>
    </ClCompile>
    <ClCompile Include="MatricesDefaultInclude.cpp">
      <Filter>Importer\Effect\UberShader\ShaderParts</Filter>
    </ClCompile>
    <ClCompile Include="MacroCondition.cpp">
      <Filter>Importer\Effect\UberShader\Macro</Filter>
    </ClCompile>
    <ClCompile Include="SimpleShaderPart.cpp">
      <Filter>Importer\Effect\UberShader\ShaderParts</Filter>
    </ClCompile>
    <ClCompile Include="UberShaderParser.cpp">
      <Filter>Importer\Effect\UberShader\BlockParser</Filter>
    </ClCompile>
    <ClCompile Include="Property.cpp">
      <Filter>Importer\Effect\UberShader\Property</Filter>
    </ClCompile>
    <ClCompile Include="Shader.cpp">
      <Filter>Importer\Effect\UberShader\Shader</Filter>
    </ClCompile>
    <ClCompile Include="LocationBinding.cpp">
      <Filter>Importer\Effect\UberShader\LocationBinding</Filter>
    </ClCompile>
    <ClCompile Include="Sampler.cpp">
      <Filter>Texture\Sampler</Filter>
    </ClCompile>
    <ClCompile Include="TextureCache.cpp">
      <Filter>Texture\Cache</Filter>
    </ClCompile>
    <ClCompile Include="Comparator.cpp">
      <Filter>Comparator</Filter>
    </ClCompile>
    <ClCompile Include="FileResource.cpp">
      <Filter>File</Filter>
    </ClCompile>
    <ClCompile Include="StringTools.cpp">
      <Filter>Tools\String</Filter>
    </ClCompile>
    <ClCompile Include="Material.cpp">
      <Filter>Material</Filter>
    </ClCompile>
    <ClCompile Include="Ray.cpp">
      <Filter>Ray</Filter>
    </ClCompile>
    <ClCompile Include="UniformBlock.cpp">
      <Filter>Importer\Effect\UberShader\Shader</Filter>
    </ClCompile>
    <ClCompile Include="AABB.cpp">
      <Filter>AABB</Filter>
    </ClCompile>
    <ClCompile Include="Importer.cpp">
      <Filter>Importer</Filter>
    </ClCompile>
    <ClCompile Include="ResourceBuilder.cpp">
      <Filter>Importer\ResourceBuilder</Filter>
    </ClCompile>
    <ClCompile Include="TextureImporter.cpp">
      <Filter>Importer\Texture</Filter>
    </ClCompile>
    <ClCompile Include="MD5Importer.cpp">
      <Filter>Importer\MD5</Filter>
    </ClCompile>
    <ClCompile Include="MD5Mesh.cpp">
      <Filter>Importer\MD5</Filter>
    </ClCompile>
    <ClCompile Include="TransformSystem.cpp">
      <Filter>ECS\Transformation</Filter>
    </ClCompile>
    <ClCompile Include="RenderSystem.cpp">
      <Filter>ECS\Render</Filter>
    </ClCompile>
    <ClCompile Include="NameSystem.cpp">
      <Filter>ECS\Name</Filter>
    </ClCompile>
    <ClCompile Include="CameraComponent.cpp">
      <Filter>ECS\Camera</Filter>
    </ClCompile>
    <ClCompile Include="CameraSystem.cpp">
      <Filter>ECS\Camera</Filter>
    </ClCompile>
    <ClCompile Include="MD5AnimationComponent.cpp">
      <Filter>ECS\MD5</Filter>
    </ClCompile>
    <ClCompile Include="MD5AnimationSystem.cpp">
      <Filter>ECS\MD5</Filter>
    </ClCompile>
    <ClCompile Include="FBXImporter.cpp">
      <Filter>Importer\FBX</Filter>
    </ClCompile>
    <ClCompile Include="FBXMesh.cpp">
      <Filter>Importer\FBX</Filter>
    </ClCompile>
    <ClCompile Include="FBXMaterialCache.cpp">
      <Filter>Importer\FBX\Helper Classes</Filter>
    </ClCompile>
    <ClCompile Include="FBXLightCache.cpp">
      <Filter>Importer\FBX\Helper Classes</Filter>
    </ClCompile>
    <ClCompile Include="FBXVBOMesh.cpp">
      <Filter>Importer\FBX\Helper Classes</Filter>
    </ClCompile>
    <ClCompile Include="FBXAnimationComponent.cpp">
      <Filter>ECS\FBX</Filter>
    </ClCompile>
    <ClCompile Include="FBXAnimationSystem.cpp">
      <Filter>ECS\FBX</Filter>
    </ClCompile>
    <ClCompile Include="FBXAnimationState.cpp">
      <Filter>ECS\FBX</Filter>
    </ClCompile>
    <ClCompile Include="FBXAnimationData.cpp">
      <Filter>ECS\FBX</Filter>
    </ClCompile>
    <ClCompile Include="MatrixMultiplicator.cpp" />
    <ClCompile Include="TransformComponent.cpp">
      <Filter>ECS\Transformation</Filter>
    </ClCompile>
    <ClCompile Include="UberShaderBlockParser.cpp">
      <Filter>Importer\Effect\UberShader\BlockParser\UberShader</Filter>
    </ClCompile>
    <ClCompile Include="ShaderBlockParser.cpp">
      <Filter>Importer\Effect\UberShader\BlockParser\Shader</Filter>
    </ClCompile>
    <ClCompile Include="PropertiesBlockParser.cpp">
      <Filter>Importer\Effect\UberShader\BlockParser\Properties</Filter>
    </ClCompile>
    <ClCompile Include="PassesBlockParser.cpp">
      <Filter>Importer\Effect\UberShader\BlockParser\Passes</Filter>
    </ClCompile>
    <ClCompile Include="LocationBindingsBlockParser.cpp">
      <Filter>Importer\Effect\UberShader\BlockParser\LocationBinding</Filter>
    </ClCompile>
    <ClCompile Include="PassBlockParser.cpp">
      <Filter>Importer\Effect\UberShader\BlockParser\Pass</Filter>
    </ClCompile>
    <ClCompile Include="SettingsBlockParser.cpp">
      <Filter>Importer\Effect\UberShader\BlockParser\Settings</Filter>
    </ClCompile>
    <ClCompile Include="EffectImporter.cpp">
      <Filter>Importer\Effect</Filter>
    </ClCompile>
    <ClCompile Include="Effect.cpp">
      <Filter>Importer\Effect</Filter>
    </ClCompile>
    <ClCompile Include="LightSystem.cpp">
      <Filter>ECS\Light</Filter>
    </ClCompile>
    <ClCompile Include="LightComponent.cpp">
      <Filter>ECS\Light</Filter>
    </ClCompile>
    <ClCompile Include="Pass.cpp">
      <Filter>Importer\Effect\UberShader\Pass</Filter>
    </ClCompile>
    <ClCompile Include="Setting.cpp">
      <Filter>Importer\Effect\UberShader\BlockParser\Settings</Filter>
    </ClCompile>
    <ClCompile Include="RenderTarget.cpp">
      <Filter>RTT</Filter>
    </ClCompile>
    <ClCompile Include="FrameBuffer.cpp">
      <Filter>Buffer\FrameBuffer</Filter>
    </ClCompile>
    <ClCompile Include="TextureCube.cpp">
      <Filter>Texture\Cube</Filter>
    </ClCompile>
    <ClCompile Include="RenderComponent.cpp">
      <Filter>ECS\Render</Filter>
    </ClCompile>
    <ClCompile Include="Frustum.cpp" />
    <ClCompile Include="TextureArray.cpp">
      <Filter>Texture\Array</Filter>
    </ClCompile>
    <ClCompile Include="ShadowDescriptor.cpp">
      <Filter>ECS\Light</Filter>
    </ClCompile>
    <ClCompile Include="MultipleRenderTarget.cpp">
      <Filter>RTT</Filter>
    </ClCompile>
    <ClCompile Include="PostProcessDefaultInclude.cpp">
      <Filter>Importer\Effect\UberShader\ShaderParts</Filter>
    </ClCompile>
    <ClCompile Include="RenderStates.cpp">
      <Filter>RenderStates</Filter>
    </ClCompile>
    <ClCompile Include="VertexStream.cpp">
      <Filter>VertexStream</Filter>
    </ClCompile>
    <ClCompile Include="RenderStatesGroup.cpp">
      <Filter>RenderStates</Filter>
    </ClCompile>
    <ClCompile Include="TriangeTools.cpp">
      <Filter>Tools\Triangles</Filter>
    </ClCompile>
    <ClCompile Include="ZSorter.cpp">
      <Filter>ECS</Filter>
    </ClCompile>
    <ClCompile Include="NormalMapGenerator.cpp">
      <Filter>ImageProcessing\NormalMaps\NormalMapGenerator</Filter>
    </ClCompile>
    <ClCompile Include="IndexArrayObject.cpp">
      <Filter>Buffer\IAO</Filter>
    </ClCompile>
    <ClCompile Include="DrawCall.cpp">
      <Filter>ECS\Render\DrawCall</Filter>
    </ClCompile>
    <ClCompile Include="SplineAnimation.cpp">
      <Filter>ECS\SplineAnimation</Filter>
    </ClCompile>
    <ClCompile Include="SplineAnimationSystem.cpp">
      <Filter>ECS\SplineAnimation</Filter>
    </ClCompile>
    <ClCompile Include="CatmullRomCurve.cpp">
      <Filter>Curves\CatmullRomCurve</Filter>
    </ClCompile>
    <ClCompile Include="Curve.cpp">
      <Filter>Curves</Filter>
    </ClCompile>
    <ClCompile Include="HermiteCurve.cpp">
      <Filter>Curves\HermiteCurve</Filter>
    </ClCompile>
    <ClCompile Include="BSplineCurve.cpp">
      <Filter>Curves\BSplineCurve</Filter>
    </ClCompile>
    <ClCompile Include="RootImporter.cpp" />
  </ItemGroup>
  <ItemGroup>
    <Filter Include="ECS">
      <UniqueIdentifier>{2cf91c7f-b6f0-435b-b7f9-55b4f47ec9d6}</UniqueIdentifier>
    </Filter>
    <Filter Include="Window">
      <UniqueIdentifier>{bf3fede8-d07b-4d72-ac2e-28c8f0cb5a94}</UniqueIdentifier>
    </Filter>
    <Filter Include="Input">
      <UniqueIdentifier>{5cd9d6ad-fc43-4084-b854-5a745f1f9305}</UniqueIdentifier>
    </Filter>
    <Filter Include="Logging">
      <UniqueIdentifier>{920e713d-32f6-4458-8bbd-5dca03aeff6e}</UniqueIdentifier>
    </Filter>
    <Filter Include="Timer">
      <UniqueIdentifier>{305f05e1-6dfd-4b0d-9fc1-36b8dfd2a575}</UniqueIdentifier>
    </Filter>
    <Filter Include="Texture">
      <UniqueIdentifier>{edec893c-abc4-495a-8093-8ca8c722b724}</UniqueIdentifier>
    </Filter>
    <Filter Include="Texture\2D">
      <UniqueIdentifier>{60c1f6ff-0901-4609-8276-f791f0947294}</UniqueIdentifier>
    </Filter>
    <Filter Include="Texture\3D">
      <UniqueIdentifier>{649b9fa4-e4f7-4c87-92ec-c8f35cb17c13}</UniqueIdentifier>
    </Filter>
    <Filter Include="Texture\Sampler">
      <UniqueIdentifier>{fd36b8dc-7604-480f-836a-3a37990df31d}</UniqueIdentifier>
    </Filter>
    <Filter Include="Texture\Cache">
      <UniqueIdentifier>{da41048a-cbc2-4d92-a6de-a8ce954d20d0}</UniqueIdentifier>
    </Filter>
    <Filter Include="Comparator">
      <UniqueIdentifier>{e28b66a9-2ad3-4f3b-b8a6-e069478484a5}</UniqueIdentifier>
    </Filter>
    <Filter Include="File">
      <UniqueIdentifier>{56530dd2-4410-432f-a3d4-8b3faaa44e18}</UniqueIdentifier>
    </Filter>
    <Filter Include="Tools">
      <UniqueIdentifier>{cd14a338-ba5a-4a7c-82be-edee8caea86c}</UniqueIdentifier>
    </Filter>
    <Filter Include="Tools\String">
      <UniqueIdentifier>{3bed9072-b4ca-41df-8190-fcd03f6e264d}</UniqueIdentifier>
    </Filter>
    <Filter Include="Versioning">
      <UniqueIdentifier>{6530fd33-5528-4ec2-855e-0dd05ad47c1d}</UniqueIdentifier>
    </Filter>
    <Filter Include="Intersection">
      <UniqueIdentifier>{ad42d004-7767-44f9-9cd6-b04013497d4b}</UniqueIdentifier>
    </Filter>
    <Filter Include="Material">
      <UniqueIdentifier>{3f40c20e-ca91-4bb8-a319-f3a043169110}</UniqueIdentifier>
    </Filter>
    <Filter Include="Ray">
      <UniqueIdentifier>{3cd7a78d-2a98-4191-ac92-96600d65a196}</UniqueIdentifier>
    </Filter>
    <Filter Include="AABB">
      <UniqueIdentifier>{81defe9f-6fc9-4847-b4b6-324b9208b136}</UniqueIdentifier>
    </Filter>
    <Filter Include="HelperClasses">
      <UniqueIdentifier>{a79d7da0-579e-4376-94bb-8387f278e2d5}</UniqueIdentifier>
    </Filter>
    <Filter Include="HelperClasses\Constraints">
      <UniqueIdentifier>{f251f026-45f1-4511-b4f3-7f2e671050dc}</UniqueIdentifier>
    </Filter>
    <Filter Include="HelperClasses\ReferenceCounter">
      <UniqueIdentifier>{b9f8b0d1-6526-4699-bf8d-a8ece0c01149}</UniqueIdentifier>
    </Filter>
    <Filter Include="Importer">
      <UniqueIdentifier>{d15bfe2b-ebe8-4922-beff-24e485e5a773}</UniqueIdentifier>
    </Filter>
    <Filter Include="Importer\ResourceBuilder">
      <UniqueIdentifier>{0277a0c6-4c7f-4692-8eba-29ae77b5863a}</UniqueIdentifier>
    </Filter>
    <Filter Include="Importer\Texture">
      <UniqueIdentifier>{2945d1dc-b3dd-410f-905a-cbee94ea6fe5}</UniqueIdentifier>
    </Filter>
    <Filter Include="Importer\MD5">
      <UniqueIdentifier>{95e2dda7-a721-4415-a96b-37c817c2c92e}</UniqueIdentifier>
    </Filter>
    <Filter Include="ECS\MD5">
      <UniqueIdentifier>{3a3628ba-9dbe-47aa-923e-e49c4641215f}</UniqueIdentifier>
    </Filter>
    <Filter Include="ECS\Camera">
      <UniqueIdentifier>{fa68af5c-5f73-44f5-aacf-b98d11e42ccc}</UniqueIdentifier>
    </Filter>
    <Filter Include="ECS\Transformation">
      <UniqueIdentifier>{34e8fde4-5583-462d-969a-930cdcdfaf2b}</UniqueIdentifier>
    </Filter>
    <Filter Include="ECS\Name">
      <UniqueIdentifier>{7436e012-3640-40d6-8d6c-27a77698e211}</UniqueIdentifier>
    </Filter>
    <Filter Include="ECS\Render">
      <UniqueIdentifier>{bdac1a96-fab0-4664-9381-d0df00b6ae76}</UniqueIdentifier>
    </Filter>
    <Filter Include="Importer\FBX">
      <UniqueIdentifier>{00d64a70-d8ff-438c-b44f-15ea6e7c4c97}</UniqueIdentifier>
    </Filter>
    <Filter Include="Importer\FBX\Helper Classes">
      <UniqueIdentifier>{30c7816a-f6ec-47d6-8638-7ea0b4b844f7}</UniqueIdentifier>
    </Filter>
    <Filter Include="ECS\FBX">
      <UniqueIdentifier>{989ef003-986f-4aa4-9894-811365740f6c}</UniqueIdentifier>
    </Filter>
    <Filter Include="CL">
      <UniqueIdentifier>{53fc11f3-4ce7-4ad8-a28a-f70290705743}</UniqueIdentifier>
    </Filter>
    <Filter Include="Importer\Effect">
      <UniqueIdentifier>{e94a45ba-53c2-4744-9f68-4864ed34d434}</UniqueIdentifier>
    </Filter>
    <Filter Include="ECS\Light">
      <UniqueIdentifier>{d56ffde7-42ba-40c9-8ff0-c8fee66e402f}</UniqueIdentifier>
    </Filter>
    <Filter Include="Importer\Effect\UberShader">
      <UniqueIdentifier>{26213427-df99-4ed3-9ca4-4847e058cbe2}</UniqueIdentifier>
    </Filter>
    <Filter Include="Importer\Effect\UberShader\Parser">
      <UniqueIdentifier>{be1f22ab-f00e-4db7-b83e-c6b97ee7ca13}</UniqueIdentifier>
    </Filter>
    <Filter Include="Importer\Effect\UberShader\Shader">
      <UniqueIdentifier>{3bd8be38-63ba-4441-9b6d-60572c894cf2}</UniqueIdentifier>
    </Filter>
    <Filter Include="Importer\Effect\UberShader\ShaderParts">
      <UniqueIdentifier>{5dc11829-45a9-42fe-b070-557f46bcf50f}</UniqueIdentifier>
    </Filter>
    <Filter Include="Importer\Effect\UberShader\Macro">
      <UniqueIdentifier>{9c4e24af-70ce-4b5a-b3cd-e7e3178cb522}</UniqueIdentifier>
    </Filter>
    <Filter Include="Importer\Effect\UberShader\BlockParser">
      <UniqueIdentifier>{7def881b-943f-4d06-975b-5c86d7e03465}</UniqueIdentifier>
    </Filter>
    <Filter Include="Importer\Effect\UberShader\BlockParser\LocationBinding">
      <UniqueIdentifier>{9b277388-bc56-4fc1-877b-15cfee1bdb73}</UniqueIdentifier>
    </Filter>
    <Filter Include="Importer\Effect\UberShader\BlockParser\Passes">
      <UniqueIdentifier>{badb197c-3c98-49d2-b237-9ae735e8e80f}</UniqueIdentifier>
    </Filter>
    <Filter Include="Importer\Effect\UberShader\BlockParser\Pass">
      <UniqueIdentifier>{707e57ce-8b66-4de2-8c0a-e78fc62b50e6}</UniqueIdentifier>
    </Filter>
    <Filter Include="Importer\Effect\UberShader\BlockParser\Properties">
      <UniqueIdentifier>{1891037c-a024-48b6-83af-542da5b499d7}</UniqueIdentifier>
    </Filter>
    <Filter Include="Importer\Effect\UberShader\BlockParser\Shader">
      <UniqueIdentifier>{6917531e-a8fe-4589-82fc-0eb00797b9d4}</UniqueIdentifier>
    </Filter>
    <Filter Include="Importer\Effect\UberShader\BlockParser\UberShader">
      <UniqueIdentifier>{e44e123c-a940-4f8d-b38b-df7d85358fd5}</UniqueIdentifier>
    </Filter>
    <Filter Include="Importer\Effect\UberShader\BlockParser\Settings">
      <UniqueIdentifier>{154e77d4-016b-4b17-a98c-98cf845d1498}</UniqueIdentifier>
    </Filter>
    <Filter Include="Importer\Effect\UberShader\Property">
      <UniqueIdentifier>{fc421995-4621-4a0e-adb6-904a7107f5c0}</UniqueIdentifier>
    </Filter>
    <Filter Include="Importer\Effect\UberShader\LocationBinding">
      <UniqueIdentifier>{f418be23-0d1d-43f7-a7d7-84e606222c86}</UniqueIdentifier>
    </Filter>
    <Filter Include="Importer\Effect\UberShader\Pass">
      <UniqueIdentifier>{b77c4e0a-46d0-46e7-b77b-6d16052d7fe3}</UniqueIdentifier>
    </Filter>
    <Filter Include="RTT">
      <UniqueIdentifier>{f699394c-e08e-406e-a48a-c5fb0859250c}</UniqueIdentifier>
    </Filter>
    <Filter Include="Buffer">
      <UniqueIdentifier>{d6433920-db44-469f-9308-4d85472abe55}</UniqueIdentifier>
    </Filter>
    <Filter Include="Buffer\FrameBuffer">
      <UniqueIdentifier>{f4223b94-60c4-40f6-8a06-e266f2c766f3}</UniqueIdentifier>
    </Filter>
    <Filter Include="Texture\Cube">
      <UniqueIdentifier>{9e6e39b4-e37a-47f1-ad6d-da50e2f594ef}</UniqueIdentifier>
    </Filter>
    <Filter Include="VertexStream">
      <UniqueIdentifier>{de5f6648-5f4f-40d5-a79e-30f198fe7b92}</UniqueIdentifier>
    </Filter>
    <Filter Include="Texture\Array">
      <UniqueIdentifier>{fbcddd63-6359-49c1-b3b7-5a604e2a3e75}</UniqueIdentifier>
    </Filter>
    <Filter Include="RenderStates">
      <UniqueIdentifier>{7ca4e763-0d78-4157-b4d8-1716e065ee32}</UniqueIdentifier>
    </Filter>
    <Filter Include="Tools\Triangles">
      <UniqueIdentifier>{ab08d07c-33b5-46b0-9068-5ccd2e865f13}</UniqueIdentifier>
    </Filter>
    <Filter Include="Buffer\PixelBuffer">
      <UniqueIdentifier>{857be368-3e0f-441a-ad54-65834a37ea6e}</UniqueIdentifier>
    </Filter>
    <Filter Include="ImageProcessing">
      <UniqueIdentifier>{391845ea-c1da-44a6-bf36-6d14489bb9fb}</UniqueIdentifier>
    </Filter>
    <Filter Include="ImageProcessing\NormalMaps">
      <UniqueIdentifier>{c11c0f93-dce7-47cc-aa91-f4f72e24e442}</UniqueIdentifier>
    </Filter>
    <Filter Include="ImageProcessing\NormalMaps\NormalMapGenerator">
      <UniqueIdentifier>{1a1f4f63-982e-4426-a966-9d2d9d899446}</UniqueIdentifier>
    </Filter>
    <Filter Include="Buffer\VAO">
      <UniqueIdentifier>{39b88ad2-1973-42b7-9b76-10755143bfb3}</UniqueIdentifier>
    </Filter>
    <Filter Include="Buffer\IAO">
      <UniqueIdentifier>{59f56d96-e7a3-4350-a232-8e646f4aa47f}</UniqueIdentifier>
    </Filter>
    <Filter Include="ECS\Render\DrawCall">
      <UniqueIdentifier>{0710ac8c-a84e-43b1-bd58-b344e183ed80}</UniqueIdentifier>
    </Filter>
    <Filter Include="ECS\SplineAnimation">
      <UniqueIdentifier>{7fbae2f3-4703-407c-91ad-47b62ec9dc59}</UniqueIdentifier>
    </Filter>
    <Filter Include="Curves">
      <UniqueIdentifier>{85c34aa5-e3fe-4f37-9c2a-7586565908c0}</UniqueIdentifier>
    </Filter>
    <Filter Include="Curves\CatmullRomCurve">
      <UniqueIdentifier>{a208a14c-4a9a-4a6a-8015-6c3a7ba1ac09}</UniqueIdentifier>
    </Filter>
    <Filter Include="Curves\HermiteCurve">
      <UniqueIdentifier>{50e7cbd6-dbfa-4a85-977d-98d759de1d3b}</UniqueIdentifier>
    </Filter>
    <Filter Include="Curves\BSplineCurve">
      <UniqueIdentifier>{9ad7bccf-9e8a-4caa-938e-eb3b004d1b78}</UniqueIdentifier>
    </Filter>
    <Filter Include="Importer\Effect\EffectBlockImporter">
      <UniqueIdentifier>{58b00e69-c551-4bba-b820-21d91862a04e}</UniqueIdentifier>
    </Filter>
    <Filter Include="Importer\Effect\EffectBlockImporter\Root">
      <UniqueIdentifier>{ebd57b98-9bc4-48fe-9ea8-615b7f0c423c}</UniqueIdentifier>
    </Filter>
  </ItemGroup>
  <ItemGroup>
    <None Include="ClassDiagram.cd" />
  </ItemGroup>
</Project>