<?xml version="1.0" encoding="utf-8"?>
<Project ToolsVersion="4.0" xmlns="http://schemas.microsoft.com/developer/msbuild/2003">
  <ItemGroup>
    <ClInclude Include="Defines.h" />
    <ClInclude Include="GEAR.h" />
    <ClInclude Include="Event.h">
      <Filter>Event</Filter>
    </ClInclude>
    <ClInclude Include="EventDistributer.h">
      <Filter>Event</Filter>
    </ClInclude>
    <ClInclude Include="MacroResource.h">
      <Filter>UberShader</Filter>
    </ClInclude>
    <ClInclude Include="ShaderMetaData.h">
      <Filter>UberShader</Filter>
    </ClInclude>
    <ClInclude Include="UberShader.h">
      <Filter>UberShader</Filter>
    </ClInclude>
    <ClInclude Include="AbstractWindow.h">
      <Filter>Window</Filter>
    </ClInclude>
    <ClInclude Include="SDLWindow.h">
      <Filter>Window\SDL</Filter>
    </ClInclude>
    <ClInclude Include="KeyCodes.h">
      <Filter>Input</Filter>
    </ClInclude>
    <ClInclude Include="Logger.h">
      <Filter>Logging</Filter>
    </ClInclude>
    <ClInclude Include="clock_linux.h">
      <Filter>Timer</Filter>
    </ClInclude>
    <ClInclude Include="clock_win.h">
      <Filter>Timer</Filter>
    </ClInclude>
    <ClInclude Include="TimeTracker.h">
      <Filter>Timer</Filter>
    </ClInclude>
    <ClInclude Include="timevalue_linux.h">
      <Filter>Timer</Filter>
    </ClInclude>
    <ClInclude Include="timevalue_win.h">
      <Filter>Timer</Filter>
    </ClInclude>
    <ClInclude Include="InputEventListener.h">
      <Filter>Input</Filter>
    </ClInclude>
    <ClInclude Include="VertexArrayObject.h">
      <Filter>VAO</Filter>
    </ClInclude>
    <ClInclude Include="VertexBuffer.h">
      <Filter>VAO</Filter>
    </ClInclude>
    <ClInclude Include="Texture.h">
      <Filter>Texture</Filter>
    </ClInclude>
    <ClInclude Include="Texture3D.h">
      <Filter>Texture\3D</Filter>
    </ClInclude>
    <ClInclude Include="Texture2D.h">
      <Filter>Texture\2D</Filter>
    </ClInclude>
    <ClInclude Include="CgShader.h">
      <Filter>UberShader\Shader\Cg</Filter>
    </ClInclude>
    <ClInclude Include="GlslShader.h">
      <Filter>UberShader\Shader\Glsl</Filter>
    </ClInclude>
    <ClInclude Include="IfElseMacro.h">
      <Filter>UberShader\ShaderParts</Filter>
    </ClInclude>
    <ClInclude Include="AbstractShaderPart.h">
      <Filter>UberShader\ShaderParts</Filter>
    </ClInclude>
    <ClInclude Include="LightDefaultInclude.h">
      <Filter>UberShader\ShaderParts</Filter>
    </ClInclude>
    <ClInclude Include="MaterialDefaultInclude.h">
      <Filter>UberShader\ShaderParts</Filter>
    </ClInclude>
    <ClInclude Include="MatricesDefaultInclude.h">
      <Filter>UberShader\ShaderParts</Filter>
    </ClInclude>
    <ClInclude Include="MacroCondition.h">
      <Filter>UberShader\Macro</Filter>
    </ClInclude>
    <ClInclude Include="SimpleShaderPart.h">
      <Filter>UberShader\ShaderParts</Filter>
    </ClInclude>
    <ClInclude Include="UberShaderParser.h">
      <Filter>UberShader\BlockParser</Filter>
    </ClInclude>
    <ClInclude Include="Property.h">
      <Filter>UberShader\Property</Filter>
    </ClInclude>
    <ClInclude Include="Shader.h">
      <Filter>UberShader\Shader</Filter>
    </ClInclude>
    <ClInclude Include="ShaderCache.h">
      <Filter>UberShader\Shader</Filter>
    </ClInclude>
    <ClInclude Include="LocationBinding.h">
      <Filter>UberShader\LocationBinding</Filter>
    </ClInclude>
    <ClInclude Include="Sampler.h">
      <Filter>Texture\Sampler</Filter>
    </ClInclude>
    <ClInclude Include="TextureCache.h">
      <Filter>Texture\Cache</Filter>
    </ClInclude>
    <ClInclude Include="Comparator.h">
      <Filter>Comparator</Filter>
    </ClInclude>
    <ClInclude Include="FileResource.h">
      <Filter>File</Filter>
    </ClInclude>
    <ClInclude Include="NonCopyable.h">
      <Filter>HelperClasses\Constraints</Filter>
    </ClInclude>
    <ClInclude Include="NonInstanceable.h">
      <Filter>HelperClasses\Constraints</Filter>
    </ClInclude>
    <ClInclude Include="StringTools.h">
      <Filter>Tools\String</Filter>
    </ClInclude>
    <ClInclude Include="VersionTracker.h">
      <Filter>Versioning</Filter>
    </ClInclude>
    <ClInclude Include="Intersection.h">
      <Filter>Intersection</Filter>
    </ClInclude>
    <ClInclude Include="FrameInfo.h">
      <Filter>Frame</Filter>
    </ClInclude>
    <ClInclude Include="Light.h">
      <Filter>Light</Filter>
    </ClInclude>
    <ClInclude Include="Material.h">
      <Filter>Material</Filter>
    </ClInclude>
    <ClInclude Include="Ray.h">
      <Filter>Ray</Filter>
    </ClInclude>
    <ClInclude Include="UniformBlock.h">
      <Filter>UberShader\Shader</Filter>
    </ClInclude>
    <ClInclude Include="AABB.h">
      <Filter>AABB</Filter>
    </ClInclude>
    <ClInclude Include="RefCounter.h">
      <Filter>HelperClasses\ReferenceCounter</Filter>
    </ClInclude>
    <ClInclude Include="Importer.h">
      <Filter>Importer</Filter>
    </ClInclude>
    <ClInclude Include="ResourceBuilder.h">
      <Filter>Importer\ResourceBuilder</Filter>
    </ClInclude>
    <ClInclude Include="TextureImporter.h">
      <Filter>Importer\Texture</Filter>
    </ClInclude>
    <ClInclude Include="MD5Importer.h">
      <Filter>Importer\MD5</Filter>
    </ClInclude>
    <ClInclude Include="MD5Mesh.h">
      <Filter>Importer\MD5</Filter>
    </ClInclude>
    <ClInclude Include="TransformSystem.h">
      <Filter>ECS\Transformation</Filter>
    </ClInclude>
    <ClInclude Include="TransformComponent.h">
      <Filter>ECS\Transformation</Filter>
    </ClInclude>
    <ClInclude Include="RenderSystem.h">
      <Filter>ECS\Render</Filter>
    </ClInclude>
    <ClInclude Include="RenderComponent.h">
      <Filter>ECS\Render</Filter>
    </ClInclude>
    <ClInclude Include="NameSystem.h">
      <Filter>ECS\Name</Filter>
    </ClInclude>
    <ClInclude Include="NameComponent.h">
      <Filter>ECS\Name</Filter>
    </ClInclude>
    <ClInclude Include="CameraSystem.h">
      <Filter>ECS\Camera</Filter>
    </ClInclude>
    <ClInclude Include="CameraComponent.h">
      <Filter>ECS\Camera</Filter>
    </ClInclude>
    <ClInclude Include="MD5AnimationComponent.h">
      <Filter>ECS\MD5</Filter>
    </ClInclude>
    <ClInclude Include="MD5AnimationSystem.h">
      <Filter>ECS\MD5</Filter>
    </ClInclude>
    <ClInclude Include="FBXImporter.h">
      <Filter>Importer\FBX</Filter>
    </ClInclude>
    <ClInclude Include="FBXMesh.h">
      <Filter>Importer\FBX</Filter>
    </ClInclude>
    <ClInclude Include="FBXMaterialCache.h">
      <Filter>Importer\FBX\Helper Classes</Filter>
    </ClInclude>
    <ClInclude Include="FBXVBOMesh.h">
      <Filter>Importer\FBX\Helper Classes</Filter>
    </ClInclude>
    <ClInclude Include="FBXLightCache.h">
      <Filter>Importer\FBX\Helper Classes</Filter>
    </ClInclude>
    <ClInclude Include="FBXAnimationComponent.h">
      <Filter>ECS\FBX</Filter>
    </ClInclude>
    <ClInclude Include="FBXAnimationSystem.h">
      <Filter>ECS\FBX</Filter>
    </ClInclude>
    <ClInclude Include="BaseComponent.h">
      <Filter>ECS\Base</Filter>
    </ClInclude>
    <ClInclude Include="BaseSystem.h">
      <Filter>ECS\Base</Filter>
    </ClInclude>
    <ClInclude Include="ECSManager.h">
      <Filter>ECS\Base</Filter>
    </ClInclude>
    <ClInclude Include="Entity.h">
      <Filter>ECS\Base</Filter>
    </ClInclude>
    <ClInclude Include="FBXAnimationState.h">
      <Filter>ECS\FBX</Filter>
    </ClInclude>
    <ClInclude Include="FBXAnimationData.h">
      <Filter>ECS\FBX</Filter>
    </ClInclude>
    <ClInclude Include="MatrixMultiplicator.h" />
    <ClInclude Include="UberShaderBlockParser.h">
      <Filter>UberShader\BlockParser\UberShader</Filter>
    </ClInclude>
    <ClInclude Include="ShaderBlockParser.h">
      <Filter>UberShader\BlockParser\Shader</Filter>
    </ClInclude>
    <ClInclude Include="PropertiesBlockParser.h">
      <Filter>UberShader\BlockParser\Properties</Filter>
    </ClInclude>
    <ClInclude Include="PassesBlockParser.h">
      <Filter>UberShader\BlockParser\Passes</Filter>
    </ClInclude>
    <ClInclude Include="LocationBindingsBlockParser.h">
      <Filter>UberShader\BlockParser\LocationBinding</Filter>
    </ClInclude>
    <ClInclude Include="PassBlockParser.h">
      <Filter>UberShader\BlockParser\Pass</Filter>
    </ClInclude>
    <ClInclude Include="SettingsBlockParser.h">
      <Filter>UberShader\BlockParser\Settings</Filter>
    </ClInclude>
    <ClInclude Include="EffectImporter.h">
      <Filter>Importer\Effect</Filter>
    </ClInclude>
    <ClInclude Include="Effect.h">
      <Filter>Importer\Effect</Filter>
    </ClInclude>
  </ItemGroup>
  <ItemGroup>
    <ClCompile Include="EventDistributer.cpp">
      <Filter>Event</Filter>
    </ClCompile>
    <ClCompile Include="Event.cpp">
      <Filter>Event</Filter>
    </ClCompile>
    <ClCompile Include="MacroResource.cpp">
      <Filter>UberShader</Filter>
    </ClCompile>
    <ClCompile Include="ShaderMetaData.cpp">
      <Filter>UberShader</Filter>
    </ClCompile>
    <ClCompile Include="UberShader.cpp">
      <Filter>UberShader</Filter>
    </ClCompile>
    <ClCompile Include="AbstractWindow.cpp">
      <Filter>Window</Filter>
    </ClCompile>
    <ClCompile Include="SDLWindow.cpp">
      <Filter>Window\SDL</Filter>
    </ClCompile>
    <ClCompile Include="GEAR.cpp" />
    <ClCompile Include="Logger.cpp">
      <Filter>Logging</Filter>
    </ClCompile>
    <ClCompile Include="clock_linux.cpp">
      <Filter>Timer</Filter>
    </ClCompile>
    <ClCompile Include="clock_win.cpp">
      <Filter>Timer</Filter>
    </ClCompile>
    <ClCompile Include="TimeTracker.cpp">
      <Filter>Timer</Filter>
    </ClCompile>
    <ClCompile Include="timevalue_linux.cpp">
      <Filter>Timer</Filter>
    </ClCompile>
    <ClCompile Include="timevalue_win.cpp">
      <Filter>Timer</Filter>
    </ClCompile>
    <ClCompile Include="InputEventListener.cpp">
      <Filter>Input</Filter>
    </ClCompile>
    <ClCompile Include="VertexArrayObject.cpp">
      <Filter>VAO</Filter>
    </ClCompile>
    <ClCompile Include="VertexBuffer.cpp">
      <Filter>VAO</Filter>
    </ClCompile>
    <ClCompile Include="Texture.cpp">
      <Filter>Texture</Filter>
    </ClCompile>
    <ClCompile Include="Texture3D.cpp">
      <Filter>Texture\3D</Filter>
    </ClCompile>
    <ClCompile Include="Texture2D.cpp">
      <Filter>Texture\2D</Filter>
    </ClCompile>
    <ClCompile Include="CgShader.cpp">
      <Filter>UberShader\Shader\Cg</Filter>
    </ClCompile>
    <ClCompile Include="GlslShader.cpp">
      <Filter>UberShader\Shader\Glsl</Filter>
    </ClCompile>
    <ClCompile Include="IfElseMacro.cpp">
      <Filter>UberShader\ShaderParts</Filter>
    </ClCompile>
    <ClCompile Include="AbstractShaderPart.cpp">
      <Filter>UberShader\ShaderParts</Filter>
    </ClCompile>
    <ClCompile Include="LightDefaultInclude.cpp">
      <Filter>UberShader\ShaderParts</Filter>
    </ClCompile>
    <ClCompile Include="MaterialDefaultInclude.cpp">
      <Filter>UberShader\ShaderParts</Filter>
    </ClCompile>
    <ClCompile Include="MatricesDefaultInclude.cpp">
      <Filter>UberShader\ShaderParts</Filter>
    </ClCompile>
    <ClCompile Include="MacroCondition.cpp">
      <Filter>UberShader\Macro</Filter>
    </ClCompile>
    <ClCompile Include="SimpleShaderPart.cpp">
      <Filter>UberShader\ShaderParts</Filter>
    </ClCompile>
    <ClCompile Include="UberShaderParser.cpp">
      <Filter>UberShader\BlockParser</Filter>
    </ClCompile>
    <ClCompile Include="Property.cpp">
      <Filter>UberShader\Property</Filter>
    </ClCompile>
    <ClCompile Include="Shader.cpp">
      <Filter>UberShader\Shader</Filter>
    </ClCompile>
    <ClCompile Include="LocationBinding.cpp">
      <Filter>UberShader\LocationBinding</Filter>
    </ClCompile>
    <ClCompile Include="Sampler.cpp">
      <Filter>Texture\Sampler</Filter>
    </ClCompile>
    <ClCompile Include="TextureCache.cpp">
      <Filter>Texture\Cache</Filter>
    </ClCompile>
    <ClCompile Include="Comparator.cpp">
      <Filter>Comparator</Filter>
    </ClCompile>
    <ClCompile Include="FileResource.cpp">
      <Filter>File</Filter>
    </ClCompile>
    <ClCompile Include="StringTools.cpp">
      <Filter>Tools\String</Filter>
    </ClCompile>
    <ClCompile Include="Light.cpp">
      <Filter>Light</Filter>
    </ClCompile>
    <ClCompile Include="Material.cpp">
      <Filter>Material</Filter>
    </ClCompile>
    <ClCompile Include="Ray.cpp">
      <Filter>Ray</Filter>
    </ClCompile>
    <ClCompile Include="UniformBlock.cpp">
      <Filter>UberShader\Shader</Filter>
    </ClCompile>
    <ClCompile Include="AABB.cpp">
      <Filter>AABB</Filter>
    </ClCompile>
    <ClCompile Include="Importer.cpp">
      <Filter>Importer</Filter>
    </ClCompile>
    <ClCompile Include="ResourceBuilder.cpp">
      <Filter>Importer\ResourceBuilder</Filter>
    </ClCompile>
    <ClCompile Include="TextureImporter.cpp">
      <Filter>Importer\Texture</Filter>
    </ClCompile>
    <ClCompile Include="MD5Importer.cpp">
      <Filter>Importer\MD5</Filter>
    </ClCompile>
    <ClCompile Include="MD5Mesh.cpp">
      <Filter>Importer\MD5</Filter>
    </ClCompile>
    <ClCompile Include="TransformSystem.cpp">
      <Filter>ECS\Transformation</Filter>
    </ClCompile>
    <ClCompile Include="RenderSystem.cpp">
      <Filter>ECS\Render</Filter>
    </ClCompile>
    <ClCompile Include="NameSystem.cpp">
      <Filter>ECS\Name</Filter>
    </ClCompile>
    <ClCompile Include="CameraComponent.cpp">
      <Filter>ECS\Camera</Filter>
    </ClCompile>
    <ClCompile Include="CameraSystem.cpp">
      <Filter>ECS\Camera</Filter>
    </ClCompile>
    <ClCompile Include="MD5AnimationComponent.cpp">
      <Filter>ECS\MD5</Filter>
    </ClCompile>
    <ClCompile Include="MD5AnimationSystem.cpp">
      <Filter>ECS\MD5</Filter>
    </ClCompile>
    <ClCompile Include="FBXImporter.cpp">
      <Filter>Importer\FBX</Filter>
    </ClCompile>
    <ClCompile Include="FBXMesh.cpp">
      <Filter>Importer\FBX</Filter>
    </ClCompile>
    <ClCompile Include="FBXMaterialCache.cpp">
      <Filter>Importer\FBX\Helper Classes</Filter>
    </ClCompile>
    <ClCompile Include="FBXLightCache.cpp">
      <Filter>Importer\FBX\Helper Classes</Filter>
    </ClCompile>
    <ClCompile Include="FBXVBOMesh.cpp">
      <Filter>Importer\FBX\Helper Classes</Filter>
    </ClCompile>
    <ClCompile Include="FBXAnimationComponent.cpp">
      <Filter>ECS\FBX</Filter>
    </ClCompile>
    <ClCompile Include="FBXAnimationSystem.cpp">
      <Filter>ECS\FBX</Filter>
    </ClCompile>
    <ClCompile Include="BaseComponent.cpp">
      <Filter>ECS\Base</Filter>
    </ClCompile>
    <ClCompile Include="BaseSystem.cpp">
      <Filter>ECS\Base</Filter>
    </ClCompile>
    <ClCompile Include="ECSManager.cpp">
      <Filter>ECS\Base</Filter>
    </ClCompile>
    <ClCompile Include="Entity.cpp">
      <Filter>ECS\Base</Filter>
    </ClCompile>
    <ClCompile Include="FBXAnimationState.cpp">
      <Filter>ECS\FBX</Filter>
    </ClCompile>
    <ClCompile Include="FBXAnimationData.cpp">
      <Filter>ECS\FBX</Filter>
    </ClCompile>
    <ClCompile Include="MatrixMultiplicator.cpp" />
    <ClCompile Include="TransformComponent.cpp">
      <Filter>ECS\Transformation</Filter>
    </ClCompile>
    <ClCompile Include="UberShaderBlockParser.cpp">
      <Filter>UberShader\BlockParser\UberShader</Filter>
    </ClCompile>
    <ClCompile Include="ShaderBlockParser.cpp">
      <Filter>UberShader\BlockParser\Shader</Filter>
    </ClCompile>
    <ClCompile Include="PropertiesBlockParser.cpp">
      <Filter>UberShader\BlockParser\Properties</Filter>
    </ClCompile>
    <ClCompile Include="PassesBlockParser.cpp">
      <Filter>UberShader\BlockParser\Passes</Filter>
    </ClCompile>
    <ClCompile Include="LocationBindingsBlockParser.cpp">
      <Filter>UberShader\BlockParser\LocationBinding</Filter>
    </ClCompile>
    <ClCompile Include="PassBlockParser.cpp">
      <Filter>UberShader\BlockParser\Pass</Filter>
    </ClCompile>
    <ClCompile Include="SettingsBlockParser.cpp">
      <Filter>UberShader\BlockParser\Settings</Filter>
    </ClCompile>
    <ClCompile Include="EffectImporter.cpp">
      <Filter>Importer\Effect</Filter>
    </ClCompile>
    <ClCompile Include="Effect.cpp">
      <Filter>Importer\Effect</Filter>
    </ClCompile>
  </ItemGroup>
  <ItemGroup>
    <Filter Include="ECS">
      <UniqueIdentifier>{2cf91c7f-b6f0-435b-b7f9-55b4f47ec9d6}</UniqueIdentifier>
    </Filter>
    <Filter Include="UberShader">
      <UniqueIdentifier>{26213427-df99-4ed3-9ca4-4847e058cbe2}</UniqueIdentifier>
    </Filter>
    <Filter Include="Event">
      <UniqueIdentifier>{2a3ccfa0-9913-407c-bcd7-44147b10a18b}</UniqueIdentifier>
    </Filter>
    <Filter Include="Window">
      <UniqueIdentifier>{bf3fede8-d07b-4d72-ac2e-28c8f0cb5a94}</UniqueIdentifier>
    </Filter>
    <Filter Include="Window\SDL">
      <UniqueIdentifier>{60292311-e9e9-4ea8-8265-c75a95f17c03}</UniqueIdentifier>
    </Filter>
    <Filter Include="Input">
      <UniqueIdentifier>{5cd9d6ad-fc43-4084-b854-5a745f1f9305}</UniqueIdentifier>
    </Filter>
    <Filter Include="Logging">
      <UniqueIdentifier>{920e713d-32f6-4458-8bbd-5dca03aeff6e}</UniqueIdentifier>
    </Filter>
    <Filter Include="Timer">
      <UniqueIdentifier>{305f05e1-6dfd-4b0d-9fc1-36b8dfd2a575}</UniqueIdentifier>
    </Filter>
    <Filter Include="VAO">
      <UniqueIdentifier>{39b88ad2-1973-42b7-9b76-10755143bfb3}</UniqueIdentifier>
    </Filter>
    <Filter Include="Texture">
      <UniqueIdentifier>{edec893c-abc4-495a-8093-8ca8c722b724}</UniqueIdentifier>
    </Filter>
    <Filter Include="Texture\2D">
      <UniqueIdentifier>{60c1f6ff-0901-4609-8276-f791f0947294}</UniqueIdentifier>
    </Filter>
    <Filter Include="Texture\3D">
      <UniqueIdentifier>{649b9fa4-e4f7-4c87-92ec-c8f35cb17c13}</UniqueIdentifier>
    </Filter>
    <Filter Include="UberShader\Parser">
      <UniqueIdentifier>{be1f22ab-f00e-4db7-b83e-c6b97ee7ca13}</UniqueIdentifier>
    </Filter>
    <Filter Include="UberShader\Shader">
      <UniqueIdentifier>{3bd8be38-63ba-4441-9b6d-60572c894cf2}</UniqueIdentifier>
    </Filter>
    <Filter Include="UberShader\Shader\Glsl">
      <UniqueIdentifier>{55d74d12-afc1-456f-bf6d-5905a4d0a8f4}</UniqueIdentifier>
    </Filter>
    <Filter Include="UberShader\Shader\Cg">
      <UniqueIdentifier>{a6493d53-4c90-425f-bd56-8456a2408ef2}</UniqueIdentifier>
    </Filter>
    <Filter Include="UberShader\ShaderParts">
      <UniqueIdentifier>{5dc11829-45a9-42fe-b070-557f46bcf50f}</UniqueIdentifier>
    </Filter>
    <Filter Include="UberShader\Macro">
      <UniqueIdentifier>{9c4e24af-70ce-4b5a-b3cd-e7e3178cb522}</UniqueIdentifier>
    </Filter>
    <Filter Include="UberShader\BlockParser">
      <UniqueIdentifier>{7def881b-943f-4d06-975b-5c86d7e03465}</UniqueIdentifier>
    </Filter>
    <Filter Include="UberShader\Property">
      <UniqueIdentifier>{fc421995-4621-4a0e-adb6-904a7107f5c0}</UniqueIdentifier>
    </Filter>
    <Filter Include="UberShader\LocationBinding">
      <UniqueIdentifier>{f418be23-0d1d-43f7-a7d7-84e606222c86}</UniqueIdentifier>
    </Filter>
    <Filter Include="Texture\Sampler">
      <UniqueIdentifier>{fd36b8dc-7604-480f-836a-3a37990df31d}</UniqueIdentifier>
    </Filter>
    <Filter Include="Texture\Cache">
      <UniqueIdentifier>{da41048a-cbc2-4d92-a6de-a8ce954d20d0}</UniqueIdentifier>
    </Filter>
    <Filter Include="Comparator">
      <UniqueIdentifier>{e28b66a9-2ad3-4f3b-b8a6-e069478484a5}</UniqueIdentifier>
    </Filter>
    <Filter Include="File">
      <UniqueIdentifier>{56530dd2-4410-432f-a3d4-8b3faaa44e18}</UniqueIdentifier>
    </Filter>
    <Filter Include="Tools">
      <UniqueIdentifier>{cd14a338-ba5a-4a7c-82be-edee8caea86c}</UniqueIdentifier>
    </Filter>
    <Filter Include="Tools\String">
      <UniqueIdentifier>{3bed9072-b4ca-41df-8190-fcd03f6e264d}</UniqueIdentifier>
    </Filter>
    <Filter Include="Versioning">
      <UniqueIdentifier>{6530fd33-5528-4ec2-855e-0dd05ad47c1d}</UniqueIdentifier>
    </Filter>
    <Filter Include="Intersection">
      <UniqueIdentifier>{ad42d004-7767-44f9-9cd6-b04013497d4b}</UniqueIdentifier>
    </Filter>
    <Filter Include="Frame">
      <UniqueIdentifier>{4692e9ae-b527-483b-a31c-fa4090683e51}</UniqueIdentifier>
    </Filter>
    <Filter Include="Material">
      <UniqueIdentifier>{3f40c20e-ca91-4bb8-a319-f3a043169110}</UniqueIdentifier>
    </Filter>
    <Filter Include="Light">
      <UniqueIdentifier>{f0a084a7-03b9-4ef4-9095-3e2f5f7a8df1}</UniqueIdentifier>
    </Filter>
    <Filter Include="Ray">
      <UniqueIdentifier>{3cd7a78d-2a98-4191-ac92-96600d65a196}</UniqueIdentifier>
    </Filter>
    <Filter Include="AABB">
      <UniqueIdentifier>{81defe9f-6fc9-4847-b4b6-324b9208b136}</UniqueIdentifier>
    </Filter>
    <Filter Include="HelperClasses">
      <UniqueIdentifier>{a79d7da0-579e-4376-94bb-8387f278e2d5}</UniqueIdentifier>
    </Filter>
    <Filter Include="HelperClasses\Constraints">
      <UniqueIdentifier>{f251f026-45f1-4511-b4f3-7f2e671050dc}</UniqueIdentifier>
    </Filter>
    <Filter Include="HelperClasses\ReferenceCounter">
      <UniqueIdentifier>{b9f8b0d1-6526-4699-bf8d-a8ece0c01149}</UniqueIdentifier>
    </Filter>
    <Filter Include="Importer">
      <UniqueIdentifier>{d15bfe2b-ebe8-4922-beff-24e485e5a773}</UniqueIdentifier>
    </Filter>
    <Filter Include="Importer\ResourceBuilder">
      <UniqueIdentifier>{0277a0c6-4c7f-4692-8eba-29ae77b5863a}</UniqueIdentifier>
    </Filter>
    <Filter Include="Importer\Texture">
      <UniqueIdentifier>{2945d1dc-b3dd-410f-905a-cbee94ea6fe5}</UniqueIdentifier>
    </Filter>
    <Filter Include="Importer\MD5">
      <UniqueIdentifier>{95e2dda7-a721-4415-a96b-37c817c2c92e}</UniqueIdentifier>
    </Filter>
    <Filter Include="ECS\MD5">
      <UniqueIdentifier>{3a3628ba-9dbe-47aa-923e-e49c4641215f}</UniqueIdentifier>
    </Filter>
    <Filter Include="ECS\Camera">
      <UniqueIdentifier>{fa68af5c-5f73-44f5-aacf-b98d11e42ccc}</UniqueIdentifier>
    </Filter>
    <Filter Include="ECS\Transformation">
      <UniqueIdentifier>{34e8fde4-5583-462d-969a-930cdcdfaf2b}</UniqueIdentifier>
    </Filter>
    <Filter Include="ECS\Name">
      <UniqueIdentifier>{7436e012-3640-40d6-8d6c-27a77698e211}</UniqueIdentifier>
    </Filter>
    <Filter Include="ECS\Render">
      <UniqueIdentifier>{bdac1a96-fab0-4664-9381-d0df00b6ae76}</UniqueIdentifier>
    </Filter>
    <Filter Include="Importer\FBX">
      <UniqueIdentifier>{00d64a70-d8ff-438c-b44f-15ea6e7c4c97}</UniqueIdentifier>
    </Filter>
    <Filter Include="Importer\FBX\Helper Classes">
      <UniqueIdentifier>{30c7816a-f6ec-47d6-8638-7ea0b4b844f7}</UniqueIdentifier>
    </Filter>
    <Filter Include="ECS\FBX">
      <UniqueIdentifier>{989ef003-986f-4aa4-9894-811365740f6c}</UniqueIdentifier>
    </Filter>
    <Filter Include="ECS\Base">
      <UniqueIdentifier>{7a678b0c-bfde-4409-bd55-8524fa15f16e}</UniqueIdentifier>
    </Filter>
    <Filter Include="CL">
      <UniqueIdentifier>{53fc11f3-4ce7-4ad8-a28a-f70290705743}</UniqueIdentifier>
    </Filter>
    <Filter Include="UberShader\BlockParser\LocationBinding">
      <UniqueIdentifier>{9b277388-bc56-4fc1-877b-15cfee1bdb73}</UniqueIdentifier>
    </Filter>
    <Filter Include="UberShader\BlockParser\Passes">
      <UniqueIdentifier>{badb197c-3c98-49d2-b237-9ae735e8e80f}</UniqueIdentifier>
    </Filter>
    <Filter Include="UberShader\BlockParser\Pass">
      <UniqueIdentifier>{707e57ce-8b66-4de2-8c0a-e78fc62b50e6}</UniqueIdentifier>
    </Filter>
    <Filter Include="UberShader\BlockParser\Properties">
      <UniqueIdentifier>{1891037c-a024-48b6-83af-542da5b499d7}</UniqueIdentifier>
    </Filter>
    <Filter Include="UberShader\BlockParser\Shader">
      <UniqueIdentifier>{6917531e-a8fe-4589-82fc-0eb00797b9d4}</UniqueIdentifier>
    </Filter>
    <Filter Include="UberShader\BlockParser\UberShader">
      <UniqueIdentifier>{e44e123c-a940-4f8d-b38b-df7d85358fd5}</UniqueIdentifier>
    </Filter>
    <Filter Include="UberShader\BlockParser\Settings">
      <UniqueIdentifier>{154e77d4-016b-4b17-a98c-98cf845d1498}</UniqueIdentifier>
    </Filter>
    <Filter Include="Importer\Effect">
      <UniqueIdentifier>{e94a45ba-53c2-4744-9f68-4864ed34d434}</UniqueIdentifier>
    </Filter>
  </ItemGroup>
</Project>