<?xml version="1.0" encoding="utf-8"?>
<Project ToolsVersion="4.0" xmlns="http://schemas.microsoft.com/developer/msbuild/2003">
  <ItemGroup>
    <Filter Include="Form Files">
      <UniqueIdentifier>{99349809-55BA-4b9d-BF79-8FDBB0286EB3}</UniqueIdentifier>
      <Extensions>ui</Extensions>
    </Filter>
    <Filter Include="Resource Files">
      <UniqueIdentifier>{D9D6E242-F8AF-46E4-B9FD-80ECBC20BA3E}</UniqueIdentifier>
      <Extensions>qrc;*</Extensions>
      <ParseFiles>false</ParseFiles>
    </Filter>
    <Filter Include="Generated Files">
      <UniqueIdentifier>{71ED8ED8-ACB9-4CE9-BBE1-E00B30144E11}</UniqueIdentifier>
      <Extensions>moc;h;cpp</Extensions>
      <SourceControlFiles>False</SourceControlFiles>
    </Filter>
    <Filter Include="Generated Files\Debug">
      <UniqueIdentifier>{37871762-499d-421f-8145-066958ff1b8c}</UniqueIdentifier>
      <Extensions>cpp;moc</Extensions>
      <SourceControlFiles>False</SourceControlFiles>
    </Filter>
    <Filter Include="Generated Files\Release">
      <UniqueIdentifier>{6d32f303-bab6-453c-9900-e4ba667ee781}</UniqueIdentifier>
      <Extensions>cpp;moc</Extensions>
      <SourceControlFiles>False</SourceControlFiles>
    </Filter>
    <Filter Include="GLContext">
      <UniqueIdentifier>{62339728-4ac0-44e1-b22a-fd11e8609dfa}</UniqueIdentifier>
    </Filter>
    <Filter Include="ComponentList">
      <UniqueIdentifier>{417bd5f1-0814-43b6-a9f2-ee81c48d297f}</UniqueIdentifier>
    </Filter>
    <Filter Include="ComponentList\Model">
      <UniqueIdentifier>{b8ee7feb-0baa-4aac-b985-9a315183198d}</UniqueIdentifier>
    </Filter>
    <Filter Include="ComponentList\View">
      <UniqueIdentifier>{94e1bdf5-6887-4722-99c8-4e51bfc4e338}</UniqueIdentifier>
    </Filter>
  </ItemGroup>
  <ItemGroup>
    <ClCompile Include="GeneratedFiles\Debug\moc_GearEditor.cpp">
      <Filter>Generated Files\Debug</Filter>
    </ClCompile>
    <ClCompile Include="GeneratedFiles\Release\moc_GearEditor.cpp">
      <Filter>Generated Files\Release</Filter>
    </ClCompile>
    <ClCompile Include="GeneratedFiles\qrc_geareditor.cpp">
      <Filter>Generated Files</Filter>
    </ClCompile>
    <ClCompile Include="GearEditor.cpp" />
    <ClCompile Include="main.cpp" />
    <ClCompile Include="GeneratedFiles\Debug\moc_GLContext.cpp">
      <Filter>Generated Files\Debug</Filter>
    </ClCompile>
    <ClCompile Include="GeneratedFiles\Release\moc_GLContext.cpp">
      <Filter>Generated Files\Release</Filter>
    </ClCompile>
    <ClCompile Include="GLContext.cpp">
      <Filter>GLContext</Filter>
    </ClCompile>
    <ClCompile Include="GeneratedFiles\Debug\moc_ComponentListItemModel.cpp">
      <Filter>Generated Files\Debug</Filter>
    </ClCompile>
    <ClCompile Include="GeneratedFiles\Release\moc_ComponentListItemModel.cpp">
      <Filter>Generated Files\Release</Filter>
    </ClCompile>
    <ClCompile Include="ComponentListItemModel.cpp">
      <Filter>ComponentList\Model</Filter>
    </ClCompile>
    <ClCompile Include="ComponentListView.cpp">
      <Filter>ComponentList\View</Filter>
    </ClCompile>
    <ClCompile Include="GeneratedFiles\Debug\moc_ComponentListView.cpp">
      <Filter>Generated Files\Debug</Filter>
    </ClCompile>
    <ClCompile Include="GeneratedFiles\Release\moc_ComponentListView.cpp">
      <Filter>Generated Files\Release</Filter>
    </ClCompile>
  </ItemGroup>
  <ItemGroup>
    <CustomBuild Include="geareditor.ui">
      <Filter>Form Files</Filter>
    </CustomBuild>
    <CustomBuild Include="geareditor.qrc">
      <Filter>Resource Files</Filter>
    </CustomBuild>
    <CustomBuild Include="GearEditor.h" />
    <CustomBuild Include="GLContext.h">
      <Filter>GLContext</Filter>
    </CustomBuild>
    <CustomBuild Include="ComponentListItemModel.h">
      <Filter>ComponentList\Model</Filter>
    </CustomBuild>
    <CustomBuild Include="ComponentListView.h">
      <Filter>ComponentList\View</Filter>
    </CustomBuild>
  </ItemGroup>
  <ItemGroup>
    <ClInclude Include="GeneratedFiles\ui_geareditor.h">
      <Filter>Generated Files</Filter>
    </ClInclude>
  </ItemGroup>
  <ItemGroup>
    <ResourceCompile Include="GEAR Editor.rc" />
  </ItemGroup>
</Project>