<?xml version="1.0" encoding="utf-8"?>
<Project ToolsVersion="4.0" xmlns="http://schemas.microsoft.com/developer/msbuild/2003">
  <ItemGroup>
    <Filter Include="obj">
      <UniqueIdentifier>{2098880B-8CA1-887C-151D-9F7C8125947C}</UniqueIdentifier>
    </Filter>
    <Filter Include="obj\x32">
      <UniqueIdentifier>{2C737350-9852-F2EB-A16A-7DC20DC9584D}</UniqueIdentifier>
    </Filter>
    <Filter Include="obj\x32\Debug">
      <UniqueIdentifier>{A22EAAB1-0EEF-25E8-D729-6F6543A96AC4}</UniqueIdentifier>
    </Filter>
    <Filter Include="obj\x32\Release">
      <UniqueIdentifier>{5CD64BFB-C861-B9BF-D172-3CB43D7D15C0}</UniqueIdentifier>
    </Filter>
    <Filter Include="obj\x64">
      <UniqueIdentifier>{91737350-FD52-F2EB-066B-7DC272C9584D}</UniqueIdentifier>
    </Filter>
    <Filter Include="obj\x64\Debug">
      <UniqueIdentifier>{C7266410-33E7-DF46-FC21-29C468A12423}</UniqueIdentifier>
    </Filter>
    <Filter Include="obj\x64\Release">
      <UniqueIdentifier>{C16B64F0-2DF7-D1B4-3608-55A9A2122EB5}</UniqueIdentifier>
    </Filter>
  </ItemGroup>
  <ItemGroup>
    <None Include="QMLTest.qml" />
  </ItemGroup>
  <ItemGroup>
    <ClInclude Include="Defines.h" />
    <ClInclude Include="EditorGeometryManager.h" />
    <ClInclude Include="EditorGrid.h" />
    <ClInclude Include="GEARStudioEvents.h" />
    <ClInclude Include="GEARStudioSettings.h" />
    <ClInclude Include="HandlerBase.h" />
    <ClInclude Include="JsonDeserializer.h" />
    <ClInclude Include="JsonSerializer.h" />
    <ClInclude Include="ManagedEntity.h" />
    <ClInclude Include="Project.h" />
    <ClInclude Include="PropertiesTab.h" />
    <ClInclude Include="RotationHandler.h" />
    <ClInclude Include="ScaleHandler.h" />
    <ClInclude Include="Scene.h" />
    <ClInclude Include="TransformationHandler.h" />
    <ClInclude Include="TranslationHandler.h" />
  </ItemGroup>
  <ItemGroup>
    <ClCompile Include="CameraPropertiesTab.cpp" />
    <ClCompile Include="ColorSelector.cpp" />
    <ClCompile Include="ComponentListItemModel.cpp" />
    <ClCompile Include="ComponentListView.cpp" />
    <ClCompile Include="EditorGeometryManager.cpp" />
    <ClCompile Include="EditorGrid.cpp" />
    <ClCompile Include="EditorPanel.cpp" />
    <ClCompile Include="FileSelector.cpp" />
    <ClCompile Include="GEAREditor.cpp" />
    <ClCompile Include="GEARStudioEvents.cpp" />
    <ClCompile Include="GEARStudioSettings.cpp" />
    <ClCompile Include="GLContext.cpp" />
    <ClCompile Include="HandlerBase.cpp" />
    <ClCompile Include="JsonDeserializer.cpp" />
    <ClCompile Include="JsonSerializer.cpp" />
    <ClCompile Include="LightPropertiesTab.cpp" />
    <ClCompile Include="LoggingTab.cpp" />
    <ClCompile Include="ManagedEntitiesTab.cpp" />
    <ClCompile Include="ManagedEntityPanel.cpp" />
    <ClCompile Include="MaterialPropertiesTab.cpp" />
    <ClCompile Include="MeshPropertiesTab.cpp" />
    <ClCompile Include="Project.cpp" />
    <ClCompile Include="ProjectCreation.cpp" />
    <ClCompile Include="PropertiesTab.cpp" />
    <ClCompile Include="QmlOverlay.cpp" />
    <ClCompile Include="RotationHandler.cpp" />
    <ClCompile Include="ScaleHandler.cpp" />
    <ClCompile Include="Scene.cpp" />
    <ClCompile Include="TextureSelector.cpp" />
    <ClCompile Include="TransformationHandler.cpp" />
    <ClCompile Include="TransformationPropertiesTab.cpp" />
    <ClCompile Include="TranslationHandler.cpp" />
    <ClCompile Include="main.cpp" />
    <ClCompile Include="obj\x32\Debug\moc_CameraPropertiesTab.cpp">
      <Filter>obj\x32\Debug</Filter>
    </ClCompile>
    <ClCompile Include="obj\x32\Debug\moc_ColorSelector.cpp">
      <Filter>obj\x32\Debug</Filter>
    </ClCompile>
    <ClCompile Include="obj\x32\Debug\moc_ComponentListItemModel.cpp">
      <Filter>obj\x32\Debug</Filter>
    </ClCompile>
    <ClCompile Include="obj\x32\Debug\moc_ComponentListView.cpp">
      <Filter>obj\x32\Debug</Filter>
    </ClCompile>
    <ClCompile Include="obj\x32\Debug\moc_EditorPanel.cpp">
      <Filter>obj\x32\Debug</Filter>
    </ClCompile>
    <ClCompile Include="obj\x32\Debug\moc_FileSelector.cpp">
      <Filter>obj\x32\Debug</Filter>
    </ClCompile>
    <ClCompile Include="obj\x32\Debug\moc_GEAREditor.cpp">
      <Filter>obj\x32\Debug</Filter>
    </ClCompile>
    <ClCompile Include="obj\x32\Debug\moc_GLContext.cpp">
      <Filter>obj\x32\Debug</Filter>
    </ClCompile>
    <ClCompile Include="obj\x32\Debug\moc_LightPropertiesTab.cpp">
      <Filter>obj\x32\Debug</Filter>
    </ClCompile>
    <ClCompile Include="obj\x32\Debug\moc_LoggingTab.cpp">
      <Filter>obj\x32\Debug</Filter>
    </ClCompile>
    <ClCompile Include="obj\x32\Debug\moc_ManagedEntitiesTab.cpp">
      <Filter>obj\x32\Debug</Filter>
    </ClCompile>
    <ClCompile Include="obj\x32\Debug\moc_ManagedEntityPanel.cpp">
      <Filter>obj\x32\Debug</Filter>
    </ClCompile>
    <ClCompile Include="obj\x32\Debug\moc_MaterialPropertiesTab.cpp">
      <Filter>obj\x32\Debug</Filter>
    </ClCompile>
    <ClCompile Include="obj\x32\Debug\moc_MeshPropertiesTab.cpp">
      <Filter>obj\x32\Debug</Filter>
    </ClCompile>
    <ClCompile Include="obj\x32\Debug\moc_ProjectCreation.cpp">
      <Filter>obj\x32\Debug</Filter>
    </ClCompile>
    <ClCompile Include="obj\x32\Debug\moc_QmlOverlay.cpp">
      <Filter>obj\x32\Debug</Filter>
    </ClCompile>
    <ClCompile Include="obj\x32\Debug\moc_TextureSelector.cpp">
      <Filter>obj\x32\Debug</Filter>
    </ClCompile>
    <ClCompile Include="obj\x32\Debug\moc_TransformationPropertiesTab.cpp">
      <Filter>obj\x32\Debug</Filter>
    </ClCompile>
    <ClCompile Include="obj\x32\Debug\qrc_geareditor.cpp">
      <Filter>obj\x32\Debug</Filter>
    </ClCompile>
    <ClCompile Include="obj\x32\Release\moc_CameraPropertiesTab.cpp">
      <Filter>obj\x32\Release</Filter>
    </ClCompile>
    <ClCompile Include="obj\x32\Release\moc_ColorSelector.cpp">
      <Filter>obj\x32\Release</Filter>
    </ClCompile>
    <ClCompile Include="obj\x32\Release\moc_ComponentListItemModel.cpp">
      <Filter>obj\x32\Release</Filter>
    </ClCompile>
    <ClCompile Include="obj\x32\Release\moc_ComponentListView.cpp">
      <Filter>obj\x32\Release</Filter>
    </ClCompile>
    <ClCompile Include="obj\x32\Release\moc_EditorPanel.cpp">
      <Filter>obj\x32\Release</Filter>
    </ClCompile>
    <ClCompile Include="obj\x32\Release\moc_FileSelector.cpp">
      <Filter>obj\x32\Release</Filter>
    </ClCompile>
    <ClCompile Include="obj\x32\Release\moc_GEAREditor.cpp">
      <Filter>obj\x32\Release</Filter>
    </ClCompile>
    <ClCompile Include="obj\x32\Release\moc_GLContext.cpp">
      <Filter>obj\x32\Release</Filter>
    </ClCompile>
    <ClCompile Include="obj\x32\Release\moc_LightPropertiesTab.cpp">
      <Filter>obj\x32\Release</Filter>
    </ClCompile>
    <ClCompile Include="obj\x32\Release\moc_LoggingTab.cpp">
      <Filter>obj\x32\Release</Filter>
    </ClCompile>
    <ClCompile Include="obj\x32\Release\moc_ManagedEntitiesTab.cpp">
      <Filter>obj\x32\Release</Filter>
    </ClCompile>
    <ClCompile Include="obj\x32\Release\moc_ManagedEntityPanel.cpp">
      <Filter>obj\x32\Release</Filter>
    </ClCompile>
    <ClCompile Include="obj\x32\Release\moc_MaterialPropertiesTab.cpp">
      <Filter>obj\x32\Release</Filter>
    </ClCompile>
    <ClCompile Include="obj\x32\Release\moc_MeshPropertiesTab.cpp">
      <Filter>obj\x32\Release</Filter>
    </ClCompile>
    <ClCompile Include="obj\x32\Release\moc_ProjectCreation.cpp">
      <Filter>obj\x32\Release</Filter>
    </ClCompile>
    <ClCompile Include="obj\x32\Release\moc_QmlOverlay.cpp">
      <Filter>obj\x32\Release</Filter>
    </ClCompile>
    <ClCompile Include="obj\x32\Release\moc_TextureSelector.cpp">
      <Filter>obj\x32\Release</Filter>
    </ClCompile>
    <ClCompile Include="obj\x32\Release\moc_TransformationPropertiesTab.cpp">
      <Filter>obj\x32\Release</Filter>
    </ClCompile>
    <ClCompile Include="obj\x32\Release\qrc_geareditor.cpp">
      <Filter>obj\x32\Release</Filter>
    </ClCompile>
    <ClCompile Include="obj\x64\Debug\moc_CameraPropertiesTab.cpp">
      <Filter>obj\x64\Debug</Filter>
    </ClCompile>
    <ClCompile Include="obj\x64\Debug\moc_ColorSelector.cpp">
      <Filter>obj\x64\Debug</Filter>
    </ClCompile>
    <ClCompile Include="obj\x64\Debug\moc_ComponentListItemModel.cpp">
      <Filter>obj\x64\Debug</Filter>
    </ClCompile>
    <ClCompile Include="obj\x64\Debug\moc_ComponentListView.cpp">
      <Filter>obj\x64\Debug</Filter>
    </ClCompile>
    <ClCompile Include="obj\x64\Debug\moc_EditorPanel.cpp">
      <Filter>obj\x64\Debug</Filter>
    </ClCompile>
    <ClCompile Include="obj\x64\Debug\moc_FileSelector.cpp">
      <Filter>obj\x64\Debug</Filter>
    </ClCompile>
    <ClCompile Include="obj\x64\Debug\moc_GEAREditor.cpp">
      <Filter>obj\x64\Debug</Filter>
    </ClCompile>
    <ClCompile Include="obj\x64\Debug\moc_GLContext.cpp">
      <Filter>obj\x64\Debug</Filter>
    </ClCompile>
    <ClCompile Include="obj\x64\Debug\moc_LightPropertiesTab.cpp">
      <Filter>obj\x64\Debug</Filter>
    </ClCompile>
    <ClCompile Include="obj\x64\Debug\moc_LoggingTab.cpp">
      <Filter>obj\x64\Debug</Filter>
    </ClCompile>
    <ClCompile Include="obj\x64\Debug\moc_ManagedEntitiesTab.cpp">
      <Filter>obj\x64\Debug</Filter>
    </ClCompile>
    <ClCompile Include="obj\x64\Debug\moc_ManagedEntityPanel.cpp">
      <Filter>obj\x64\Debug</Filter>
    </ClCompile>
    <ClCompile Include="obj\x64\Debug\moc_MaterialPropertiesTab.cpp">
      <Filter>obj\x64\Debug</Filter>
    </ClCompile>
    <ClCompile Include="obj\x64\Debug\moc_MeshPropertiesTab.cpp">
      <Filter>obj\x64\Debug</Filter>
    </ClCompile>
    <ClCompile Include="obj\x64\Debug\moc_ProjectCreation.cpp">
      <Filter>obj\x64\Debug</Filter>
    </ClCompile>
    <ClCompile Include="obj\x64\Debug\moc_QmlOverlay.cpp">
      <Filter>obj\x64\Debug</Filter>
    </ClCompile>
    <ClCompile Include="obj\x64\Debug\moc_TextureSelector.cpp">
      <Filter>obj\x64\Debug</Filter>
    </ClCompile>
    <ClCompile Include="obj\x64\Debug\moc_TransformationPropertiesTab.cpp">
      <Filter>obj\x64\Debug</Filter>
    </ClCompile>
    <ClCompile Include="obj\x64\Debug\qrc_geareditor.cpp">
      <Filter>obj\x64\Debug</Filter>
    </ClCompile>
    <ClCompile Include="obj\x64\Release\moc_CameraPropertiesTab.cpp">
      <Filter>obj\x64\Release</Filter>
    </ClCompile>
    <ClCompile Include="obj\x64\Release\moc_ColorSelector.cpp">
      <Filter>obj\x64\Release</Filter>
    </ClCompile>
    <ClCompile Include="obj\x64\Release\moc_ComponentListItemModel.cpp">
      <Filter>obj\x64\Release</Filter>
    </ClCompile>
    <ClCompile Include="obj\x64\Release\moc_ComponentListView.cpp">
      <Filter>obj\x64\Release</Filter>
    </ClCompile>
    <ClCompile Include="obj\x64\Release\moc_EditorPanel.cpp">
      <Filter>obj\x64\Release</Filter>
    </ClCompile>
    <ClCompile Include="obj\x64\Release\moc_FileSelector.cpp">
      <Filter>obj\x64\Release</Filter>
    </ClCompile>
    <ClCompile Include="obj\x64\Release\moc_GEAREditor.cpp">
      <Filter>obj\x64\Release</Filter>
    </ClCompile>
    <ClCompile Include="obj\x64\Release\moc_GLContext.cpp">
      <Filter>obj\x64\Release</Filter>
    </ClCompile>
    <ClCompile Include="obj\x64\Release\moc_LightPropertiesTab.cpp">
      <Filter>obj\x64\Release</Filter>
    </ClCompile>
    <ClCompile Include="obj\x64\Release\moc_LoggingTab.cpp">
      <Filter>obj\x64\Release</Filter>
    </ClCompile>
    <ClCompile Include="obj\x64\Release\moc_ManagedEntitiesTab.cpp">
      <Filter>obj\x64\Release</Filter>
    </ClCompile>
    <ClCompile Include="obj\x64\Release\moc_ManagedEntityPanel.cpp">
      <Filter>obj\x64\Release</Filter>
    </ClCompile>
    <ClCompile Include="obj\x64\Release\moc_MaterialPropertiesTab.cpp">
      <Filter>obj\x64\Release</Filter>
    </ClCompile>
    <ClCompile Include="obj\x64\Release\moc_MeshPropertiesTab.cpp">
      <Filter>obj\x64\Release</Filter>
    </ClCompile>
    <ClCompile Include="obj\x64\Release\moc_ProjectCreation.cpp">
      <Filter>obj\x64\Release</Filter>
    </ClCompile>
    <ClCompile Include="obj\x64\Release\moc_QmlOverlay.cpp">
      <Filter>obj\x64\Release</Filter>
    </ClCompile>
    <ClCompile Include="obj\x64\Release\moc_TextureSelector.cpp">
      <Filter>obj\x64\Release</Filter>
    </ClCompile>
    <ClCompile Include="obj\x64\Release\moc_TransformationPropertiesTab.cpp">
      <Filter>obj\x64\Release</Filter>
    </ClCompile>
    <ClCompile Include="obj\x64\Release\qrc_geareditor.cpp">
      <Filter>obj\x64\Release</Filter>
    </ClCompile>
  </ItemGroup>
  <ItemGroup>
    <CustomBuild Include="CameraPropertiesTab.h" />
    <CustomBuild Include="CameraPropertiesTab.ui" />
    <CustomBuild Include="ColorSelector.h" />
    <CustomBuild Include="ColorSelector.ui" />
    <CustomBuild Include="ComponentListItemModel.h" />
    <CustomBuild Include="ComponentListView.h" />
    <CustomBuild Include="EditorPanel.h" />
    <CustomBuild Include="EditorPanel.ui" />
    <CustomBuild Include="FileSelector.h" />
    <CustomBuild Include="FileSelector.ui" />
    <CustomBuild Include="GEAREditor.h" />
    <CustomBuild Include="GLContext.h" />
    <CustomBuild Include="LightPropertiesTab.h" />
    <CustomBuild Include="LightPropertiesTab.ui" />
    <CustomBuild Include="LoggingTab.h" />
    <CustomBuild Include="LoggingTab.ui" />
    <CustomBuild Include="ManagedEntitiesTab.h" />
    <CustomBuild Include="ManagedEntitiesTab.ui" />
    <CustomBuild Include="ManagedEntityPanel.h" />
    <CustomBuild Include="ManagedEntityPanel.ui" />
    <CustomBuild Include="MaterialPropertiesTab.h" />
    <CustomBuild Include="MaterialPropertiesTab.ui" />
    <CustomBuild Include="MeshPropertiesTab.h" />
    <CustomBuild Include="MeshPropertiesTab.ui" />
    <CustomBuild Include="ProjectCreation.h" />
    <CustomBuild Include="ProjectCreation.ui" />
    <CustomBuild Include="QmlOverlay.h" />
    <CustomBuild Include="TextureSelector.h" />
    <CustomBuild Include="TextureSelector.ui" />
    <CustomBuild Include="TransformationPropertiesTab.h" />
    <CustomBuild Include="TransformationPropertiesTab.ui" />
    <CustomBuild Include="geareditor.qrc" />
    <CustomBuild Include="geareditor.ui" />
  </ItemGroup>
</Project>