<?xml version="1.0" encoding="utf-8"?>
<Project ToolsVersion="4.0" xmlns="http://schemas.microsoft.com/developer/msbuild/2003">
  <ItemGroup>
    <ClInclude Include="Terrain.h" />
    <ClInclude Include="Defines.h" />
    <ClInclude Include="ClipmapTerrain.h">
      <Filter>Clipmapping</Filter>
    </ClInclude>
    <ClInclude Include="ClipmapTerrainSystem.h">
      <Filter>Clipmapping</Filter>
    </ClInclude>
    <ClInclude Include="RoamTerrainSystem.h">
      <Filter>Roam</Filter>
    </ClInclude>
    <ClInclude Include="RoamTerrain.h">
      <Filter>Roam</Filter>
    </ClInclude>
    <ClInclude Include="RoamPatch.h">
      <Filter>Roam</Filter>
    </ClInclude>
  </ItemGroup>
  <ItemGroup>
    <ClCompile Include="Terrain.cpp" />
    <ClCompile Include="ClipmapTerrain.cpp">
      <Filter>Clipmapping</Filter>
    </ClCompile>
    <ClCompile Include="ClipmapTerrainSystem.cpp">
      <Filter>Clipmapping</Filter>
    </ClCompile>
    <ClCompile Include="RoamTerrainSystem.cpp">
      <Filter>Roam</Filter>
    </ClCompile>
    <ClCompile Include="RoamTerrain.cpp">
      <Filter>Roam</Filter>
    </ClCompile>
    <ClCompile Include="RoamPatch.cpp">
      <Filter>Roam</Filter>
    </ClCompile>
  </ItemGroup>
  <ItemGroup>
    <Filter Include="Clipmapping">
      <UniqueIdentifier>{8ec27c6c-39f8-41c0-a9cf-d056dcab983e}</UniqueIdentifier>
    </Filter>
    <Filter Include="Roam">
      <UniqueIdentifier>{339599d7-3995-4384-9708-73e35051a5e7}</UniqueIdentifier>
    </Filter>
  </ItemGroup>
</Project>