
Microsoft Visual Studio Solution File, Format Version 12.00
# Visual Studio 2013
VisualStudioVersion = 12.0.30723.0
MinimumVisualStudioVersion = 10.0.40219.1
Project("{8BC9CEB8-8B4A-11D0-8D11-00A0C91BC942}") = "Load Scene", "Load Scene\Load Scene.vcxproj", "{B9F86157-B33E-4818-8AF2-A24DD6412EF3}"
EndProject
Project("{8BC9CEB8-8B4A-11D0-8D11-00A0C91BC942}") = "Physics Test - Newton", "Physics Test - Newton\Physics Test - Newton.vcxproj", "{3F569DAD-4E3B-46C6-940F-0FA3C31FAB27}"
EndProject
Project("{8BC9CEB8-8B4A-11D0-8D11-00A0C91BC942}") = "UI Test - CEGUI", "UI Test - CEGUI\UI Test - CEGUI.vcxproj", "{05FF0636-A65D-4ED3-8D40-D3BB1E405A6F}"
EndProject
Project("{8BC9CEB8-8B4A-11D0-8D11-00A0C91BC942}") = "Terrain Test", "Terrain Test\Terrain Test.vcxproj", "{CF1A9E18-4B30-49C9-935C-57878C22E922}"
EndProject
Project("{8BC9CEB8-8B4A-11D0-8D11-00A0C91BC942}") = "Texturing Test", "Texturing Test\Texturing Test.vcxproj", "{F680BD51-0C4F-4283-9FC6-94B737D8EBFF}"
EndProject
Project("{8BC9CEB8-8B4A-11D0-8D11-00A0C91BC942}") = "Spline Animation Test", "Spline Animation Test\Spline Animation Test.vcxproj", "{11125541-7ADD-417B-9D4D-046FC019B5C3}"
EndProject
Project("{8BC9CEB8-8B4A-11D0-8D11-00A0C91BC942}") = "DX11 Test", "DX11 Test\DX11 Test.vcxproj", "{8D4316FD-7558-418E-8346-041C1E2A90AA}"
EndProject
Project("{8BC9CEB8-8B4A-11D0-8D11-00A0C91BC942}") = "Solarsystem", "Solarsystem\Solarsystem.vcxproj", "{A03489FB-1AFE-45BF-92AE-61C2D8953E32}"
EndProject
Global
	GlobalSection(SolutionConfigurationPlatforms) = preSolution
		Debug|Mixed Platforms = Debug|Mixed Platforms
		Debug|Win32 = Debug|Win32
		Debug|x64 = Debug|x64
		Release|Mixed Platforms = Release|Mixed Platforms
		Release|Win32 = Release|Win32
		Release|x64 = Release|x64
	EndGlobalSection
	GlobalSection(ProjectConfigurationPlatforms) = postSolution
		{B9F86157-B33E-4818-8AF2-A24DD6412EF3}.Debug|Mixed Platforms.ActiveCfg = Debug|Win32
		{B9F86157-B33E-4818-8AF2-A24DD6412EF3}.Debug|Mixed Platforms.Build.0 = Debug|Win32
		{B9F86157-B33E-4818-8AF2-A24DD6412EF3}.Debug|Win32.ActiveCfg = Debug|Win32
		{B9F86157-B33E-4818-8AF2-A24DD6412EF3}.Debug|Win32.Build.0 = Debug|Win32
		{B9F86157-B33E-4818-8AF2-A24DD6412EF3}.Debug|x64.ActiveCfg = Debug|x64
		{B9F86157-B33E-4818-8AF2-A24DD6412EF3}.Debug|x64.Build.0 = Debug|x64
		{B9F86157-B33E-4818-8AF2-A24DD6412EF3}.Release|Mixed Platforms.ActiveCfg = Release|Win32
		{B9F86157-B33E-4818-8AF2-A24DD6412EF3}.Release|Mixed Platforms.Build.0 = Release|Win32
		{B9F86157-B33E-4818-8AF2-A24DD6412EF3}.Release|Win32.ActiveCfg = Release|Win32
		{B9F86157-B33E-4818-8AF2-A24DD6412EF3}.Release|Win32.Build.0 = Release|Win32
		{B9F86157-B33E-4818-8AF2-A24DD6412EF3}.Release|x64.ActiveCfg = Release|x64
		{B9F86157-B33E-4818-8AF2-A24DD6412EF3}.Release|x64.Build.0 = Release|x64
		{3F569DAD-4E3B-46C6-940F-0FA3C31FAB27}.Debug|Mixed Platforms.ActiveCfg = Debug|Win32
		{3F569DAD-4E3B-46C6-940F-0FA3C31FAB27}.Debug|Mixed Platforms.Build.0 = Debug|Win32
		{3F569DAD-4E3B-46C6-940F-0FA3C31FAB27}.Debug|Win32.ActiveCfg = Debug|Win32
		{3F569DAD-4E3B-46C6-940F-0FA3C31FAB27}.Debug|Win32.Build.0 = Debug|Win32
		{3F569DAD-4E3B-46C6-940F-0FA3C31FAB27}.Debug|x64.ActiveCfg = Debug|x64
		{3F569DAD-4E3B-46C6-940F-0FA3C31FAB27}.Debug|x64.Build.0 = Debug|x64
		{3F569DAD-4E3B-46C6-940F-0FA3C31FAB27}.Release|Mixed Platforms.ActiveCfg = Release|Win32
		{3F569DAD-4E3B-46C6-940F-0FA3C31FAB27}.Release|Mixed Platforms.Build.0 = Release|Win32
		{3F569DAD-4E3B-46C6-940F-0FA3C31FAB27}.Release|Win32.ActiveCfg = Release|Win32
		{3F569DAD-4E3B-46C6-940F-0FA3C31FAB27}.Release|Win32.Build.0 = Release|Win32
		{3F569DAD-4E3B-46C6-940F-0FA3C31FAB27}.Release|x64.ActiveCfg = Release|x64
		{3F569DAD-4E3B-46C6-940F-0FA3C31FAB27}.Release|x64.Build.0 = Release|x64
		{05FF0636-A65D-4ED3-8D40-D3BB1E405A6F}.Debug|Mixed Platforms.ActiveCfg = Debug|Win32
		{05FF0636-A65D-4ED3-8D40-D3BB1E405A6F}.Debug|Mixed Platforms.Build.0 = Debug|Win32
		{05FF0636-A65D-4ED3-8D40-D3BB1E405A6F}.Debug|Win32.ActiveCfg = Debug|Win32
		{05FF0636-A65D-4ED3-8D40-D3BB1E405A6F}.Debug|Win32.Build.0 = Debug|Win32
		{05FF0636-A65D-4ED3-8D40-D3BB1E405A6F}.Debug|x64.ActiveCfg = Debug|x64
		{05FF0636-A65D-4ED3-8D40-D3BB1E405A6F}.Debug|x64.Build.0 = Debug|x64
		{05FF0636-A65D-4ED3-8D40-D3BB1E405A6F}.Release|Mixed Platforms.ActiveCfg = Release|Win32
		{05FF0636-A65D-4ED3-8D40-D3BB1E405A6F}.Release|Mixed Platforms.Build.0 = Release|Win32
		{05FF0636-A65D-4ED3-8D40-D3BB1E405A6F}.Release|Win32.ActiveCfg = Release|Win32
		{05FF0636-A65D-4ED3-8D40-D3BB1E405A6F}.Release|Win32.Build.0 = Release|Win32
		{05FF0636-A65D-4ED3-8D40-D3BB1E405A6F}.Release|x64.ActiveCfg = Release|x64
		{05FF0636-A65D-4ED3-8D40-D3BB1E405A6F}.Release|x64.Build.0 = Release|x64
		{CF1A9E18-4B30-49C9-935C-57878C22E922}.Debug|Mixed Platforms.ActiveCfg = Debug|Win32
		{CF1A9E18-4B30-49C9-935C-57878C22E922}.Debug|Mixed Platforms.Build.0 = Debug|Win32
		{CF1A9E18-4B30-49C9-935C-57878C22E922}.Debug|Win32.ActiveCfg = Debug|Win32
		{CF1A9E18-4B30-49C9-935C-57878C22E922}.Debug|Win32.Build.0 = Debug|Win32
		{CF1A9E18-4B30-49C9-935C-57878C22E922}.Debug|x64.ActiveCfg = Debug|x64
		{CF1A9E18-4B30-49C9-935C-57878C22E922}.Debug|x64.Build.0 = Debug|x64
		{CF1A9E18-4B30-49C9-935C-57878C22E922}.Release|Mixed Platforms.ActiveCfg = Release|Win32
		{CF1A9E18-4B30-49C9-935C-57878C22E922}.Release|Mixed Platforms.Build.0 = Release|Win32
		{CF1A9E18-4B30-49C9-935C-57878C22E922}.Release|Win32.ActiveCfg = Release|Win32
		{CF1A9E18-4B30-49C9-935C-57878C22E922}.Release|Win32.Build.0 = Release|Win32
		{CF1A9E18-4B30-49C9-935C-57878C22E922}.Release|x64.ActiveCfg = Release|x64
		{CF1A9E18-4B30-49C9-935C-57878C22E922}.Release|x64.Build.0 = Release|x64
		{F680BD51-0C4F-4283-9FC6-94B737D8EBFF}.Debug|Mixed Platforms.ActiveCfg = Debug|Win32
		{F680BD51-0C4F-4283-9FC6-94B737D8EBFF}.Debug|Mixed Platforms.Build.0 = Debug|Win32
		{F680BD51-0C4F-4283-9FC6-94B737D8EBFF}.Debug|Win32.ActiveCfg = Debug|Win32
		{F680BD51-0C4F-4283-9FC6-94B737D8EBFF}.Debug|Win32.Build.0 = Debug|Win32
		{F680BD51-0C4F-4283-9FC6-94B737D8EBFF}.Debug|x64.ActiveCfg = Debug|x64
		{F680BD51-0C4F-4283-9FC6-94B737D8EBFF}.Debug|x64.Build.0 = Debug|x64
		{F680BD51-0C4F-4283-9FC6-94B737D8EBFF}.Release|Mixed Platforms.ActiveCfg = Release|Win32
		{F680BD51-0C4F-4283-9FC6-94B737D8EBFF}.Release|Mixed Platforms.Build.0 = Release|Win32
		{F680BD51-0C4F-4283-9FC6-94B737D8EBFF}.Release|Win32.ActiveCfg = Release|Win32
		{F680BD51-0C4F-4283-9FC6-94B737D8EBFF}.Release|Win32.Build.0 = Release|Win32
		{F680BD51-0C4F-4283-9FC6-94B737D8EBFF}.Release|x64.ActiveCfg = Release|x64
		{F680BD51-0C4F-4283-9FC6-94B737D8EBFF}.Release|x64.Build.0 = Release|x64
		{11125541-7ADD-417B-9D4D-046FC019B5C3}.Debug|Mixed Platforms.ActiveCfg = Debug|Win32
		{11125541-7ADD-417B-9D4D-046FC019B5C3}.Debug|Mixed Platforms.Build.0 = Debug|Win32
		{11125541-7ADD-417B-9D4D-046FC019B5C3}.Debug|Win32.ActiveCfg = Debug|Win32
		{11125541-7ADD-417B-9D4D-046FC019B5C3}.Debug|Win32.Build.0 = Debug|Win32
		{11125541-7ADD-417B-9D4D-046FC019B5C3}.Debug|x64.ActiveCfg = Debug|x64
		{11125541-7ADD-417B-9D4D-046FC019B5C3}.Debug|x64.Build.0 = Debug|x64
		{11125541-7ADD-417B-9D4D-046FC019B5C3}.Release|Mixed Platforms.ActiveCfg = Release|Win32
		{11125541-7ADD-417B-9D4D-046FC019B5C3}.Release|Mixed Platforms.Build.0 = Release|Win32
		{11125541-7ADD-417B-9D4D-046FC019B5C3}.Release|Win32.ActiveCfg = Release|Win32
		{11125541-7ADD-417B-9D4D-046FC019B5C3}.Release|Win32.Build.0 = Release|Win32
		{11125541-7ADD-417B-9D4D-046FC019B5C3}.Release|x64.ActiveCfg = Release|x64
		{11125541-7ADD-417B-9D4D-046FC019B5C3}.Release|x64.Build.0 = Release|x64
		{8D4316FD-7558-418E-8346-041C1E2A90AA}.Debug|Mixed Platforms.ActiveCfg = Debug|Win32
		{8D4316FD-7558-418E-8346-041C1E2A90AA}.Debug|Mixed Platforms.Build.0 = Debug|Win32
		{8D4316FD-7558-418E-8346-041C1E2A90AA}.Debug|Win32.ActiveCfg = Debug|Win32
		{8D4316FD-7558-418E-8346-041C1E2A90AA}.Debug|Win32.Build.0 = Debug|Win32
		{8D4316FD-7558-418E-8346-041C1E2A90AA}.Debug|x64.ActiveCfg = Debug|x64
		{8D4316FD-7558-418E-8346-041C1E2A90AA}.Debug|x64.Build.0 = Debug|x64
		{8D4316FD-7558-418E-8346-041C1E2A90AA}.Release|Mixed Platforms.ActiveCfg = Release|Win32
		{8D4316FD-7558-418E-8346-041C1E2A90AA}.Release|Mixed Platforms.Build.0 = Release|Win32
		{8D4316FD-7558-418E-8346-041C1E2A90AA}.Release|Win32.ActiveCfg = Release|Win32
		{8D4316FD-7558-418E-8346-041C1E2A90AA}.Release|Win32.Build.0 = Release|Win32
		{8D4316FD-7558-418E-8346-041C1E2A90AA}.Release|x64.ActiveCfg = Release|Win32
		{A03489FB-1AFE-45BF-92AE-61C2D8953E32}.Debug|Mixed Platforms.ActiveCfg = Debug|Win32
		{A03489FB-1AFE-45BF-92AE-61C2D8953E32}.Debug|Mixed Platforms.Build.0 = Debug|Win32
		{A03489FB-1AFE-45BF-92AE-61C2D8953E32}.Debug|Win32.ActiveCfg = Debug|Win32
		{A03489FB-1AFE-45BF-92AE-61C2D8953E32}.Debug|Win32.Build.0 = Debug|Win32
		{A03489FB-1AFE-45BF-92AE-61C2D8953E32}.Debug|x64.ActiveCfg = Debug|x64
		{A03489FB-1AFE-45BF-92AE-61C2D8953E32}.Debug|x64.Build.0 = Debug|x64
		{A03489FB-1AFE-45BF-92AE-61C2D8953E32}.Release|Mixed Platforms.ActiveCfg = Release|Win32
		{A03489FB-1AFE-45BF-92AE-61C2D8953E32}.Release|Mixed Platforms.Build.0 = Release|Win32
		{A03489FB-1AFE-45BF-92AE-61C2D8953E32}.Release|Win32.ActiveCfg = Release|Win32
		{A03489FB-1AFE-45BF-92AE-61C2D8953E32}.Release|Win32.Build.0 = Release|Win32
		{A03489FB-1AFE-45BF-92AE-61C2D8953E32}.Release|x64.ActiveCfg = Release|Win32
	EndGlobalSection
	GlobalSection(SolutionProperties) = preSolution
		HideSolutionNode = FALSE
	EndGlobalSection
EndGlobal
