<?xml version="1.0" encoding="utf-8"?>
<Project ToolsVersion="4.0" xmlns="http://schemas.microsoft.com/developer/msbuild/2003">
  <ItemGroup>
    <ClCompile Include="DX11GfxShader.cpp" />
    <ClCompile Include="DX11GfxGeneral.cpp" />
    <ClCompile Include="DX11GfxVao.cpp" />
    <ClCompile Include="DX11GfxRenderTarget.cpp" />
    <ClCompile Include="DX11GfxTexture.cpp" />
    <ClCompile Include="DX11GfxMappings.cpp" />
    <ClCompile Include="DX11GfxIbo.cpp" />
  </ItemGroup>
  <ItemGroup>
    <ClInclude Include="DX11GfxApi.h" />
    <ClInclude Include="DX11GfxData.h" />
    <ClInclude Include="DX11Globals.h" />
    <ClInclude Include="DX11GfxMappings.h" />
  </ItemGroup>
</Project>