<?xml version="1.0" encoding="utf-8"?>
<Project ToolsVersion="4.0" xmlns="http://schemas.microsoft.com/developer/msbuild/2003">
  <ItemGroup>
    <Filter Include="Resource Files">
      <UniqueIdentifier>{67DA6AB6-F800-4c08-8B7A-83BB121AAD01}</UniqueIdentifier>
      <Extensions>rc;ico;cur;bmp;dlg;rc2;rct;bin;rgs;gif;jpg;jpeg;jpe;resx;tiff;tif;png;wav;mfcribbon-ms</Extensions>
    </Filter>
    <Filter Include="Window">
      <UniqueIdentifier>{178642ed-1a17-42a8-a73f-8c8c6eb35b82}</UniqueIdentifier>
    </Filter>
  </ItemGroup>
  <ItemGroup>
    <ClCompile Include="main.cpp" />
    <ClCompile Include="DXWindow.cpp">
      <Filter>Window</Filter>
    </ClCompile>
    <ClCompile Include="Scene.cpp" />
  </ItemGroup>
  <ItemGroup>
    <None Include="shader.shader">
      <Filter>Resource Files</Filter>
    </None>
    <None Include="vshader.cg">
      <Filter>Resource Files</Filter>
    </None>
    <None Include="fshader.cg">
      <Filter>Resource Files</Filter>
    </None>
  </ItemGroup>
  <ItemGroup>
    <ClInclude Include="DXWindow.h">
      <Filter>Window</Filter>
    </ClInclude>
    <ClInclude Include="Scene.h" />
  </ItemGroup>
</Project>