<?xml version="1.0" encoding="utf-8"?>
<Project ToolsVersion="4.0" xmlns="http://schemas.microsoft.com/developer/msbuild/2003">
  <ItemGroup>
    <ClInclude Include="Defines.h" />
    <ClInclude Include="GlGfxApi.h" />
    <ClInclude Include="GlGfxData.h" />
    <ClInclude Include="GlGfxMappings.h" />
  </ItemGroup>
  <ItemGroup>
    <ClCompile Include="GlGfxGeneral.cpp" />
    <ClCompile Include="GlGfxShader.cpp" />
    <ClCompile Include="GlGfxVao.cpp" />
    <ClCompile Include="GlGfxMappings.cpp" />
  </ItemGroup>
</Project>